// !$*UTF8*$!
{
	archiveVersion = 1;
	classes = {
	};
	objectVersion = 56;
	objects = {

/* Begin PBXBuildFile section */
		0F34F45F2AEA580A007189BE /* NetworkingHelper.swift in Sources */ = {isa = PBXBuildFile; fileRef = 0F34F45E2AEA580A007189BE /* NetworkingHelper.swift */; };
		0F5CB3152AF2681D00B9F13F /* RefreshRequestModel.swift in Sources */ = {isa = PBXBuildFile; fileRef = 0F5CB3142AF2681D00B9F13F /* RefreshRequestModel.swift */; };
		0F5CB3192AF2697C00B9F13F /* RefreshResponseModel.swift in Sources */ = {isa = PBXBuildFile; fileRef = 0F5CB3182AF2697C00B9F13F /* RefreshResponseModel.swift */; };
		0F5CB31B2AF26C6700B9F13F /* UploadResponseModel.swift in Sources */ = {isa = PBXBuildFile; fileRef = 0F5CB31A2AF26C6700B9F13F /* UploadResponseModel.swift */; };
		0F5CB31D2AF2755000B9F13F /* ProfileResponseModel.swift in Sources */ = {isa = PBXBuildFile; fileRef = 0F5CB31C2AF2755000B9F13F /* ProfileResponseModel.swift */; };
		0F5CB31F2AF277C900B9F13F /* EditProfileRequestModel.swift in Sources */ = {isa = PBXBuildFile; fileRef = 0F5CB31E2AF277C900B9F13F /* EditProfileRequestModel.swift */; };
		0F5CB3212AF2785800B9F13F /* EditProfileResponseModel.swift in Sources */ = {isa = PBXBuildFile; fileRef = 0F5CB3202AF2785800B9F13F /* EditProfileResponseModel.swift */; };
		0F5CB3232AF2792200B9F13F /* ChangePasswordRequestModel.swift in Sources */ = {isa = PBXBuildFile; fileRef = 0F5CB3222AF2792200B9F13F /* ChangePasswordRequestModel.swift */; };
		0F5CB3252AF2797E00B9F13F /* ChangePasswordResponseModel.swift in Sources */ = {isa = PBXBuildFile; fileRef = 0F5CB3242AF2797E00B9F13F /* ChangePasswordResponseModel.swift */; };
		0F6E23272AF2343200F843C6 /* RegisterRequestModel.swift in Sources */ = {isa = PBXBuildFile; fileRef = 0F6E23262AF2343200F843C6 /* RegisterRequestModel.swift */; };
		0F6E23292AF235D400F843C6 /* RegisterResponseModel.swift in Sources */ = {isa = PBXBuildFile; fileRef = 0F6E23282AF235D400F843C6 /* RegisterResponseModel.swift */; };
		0F6E232B2AF236B800F843C6 /* LoginRequestModel.swift in Sources */ = {isa = PBXBuildFile; fileRef = 0F6E232A2AF236B800F843C6 /* LoginRequestModel.swift */; };
		0F6E232D2AF2373C00F843C6 /* LoginResponseModel.swift in Sources */ = {isa = PBXBuildFile; fileRef = 0F6E232C2AF2373C00F843C6 /* LoginResponseModel.swift */; };
		0F866E142AFA136F000C784A /* MapAnnotation.swift in Sources */ = {isa = PBXBuildFile; fileRef = 0F866E132AFA136F000C784A /* MapAnnotation.swift */; };
		0F866E182AFA3107000C784A /* MapViewCell.swift in Sources */ = {isa = PBXBuildFile; fileRef = 0F866E172AFA3107000C784A /* MapViewCell.swift */; };
		0FB69B0B2B02081500F476B7 /* SecuritySettingsVM.swift in Sources */ = {isa = PBXBuildFile; fileRef = 0FB69B0A2B02081500F476B7 /* SecuritySettingsVM.swift */; };
		0FB84E032AF285080071A559 /* PostPlaceRequestModel.swift in Sources */ = {isa = PBXBuildFile; fileRef = 0FB84E022AF285080071A559 /* PostPlaceRequestModel.swift */; };
		0FB84E052AF286CC0071A559 /* PostPlaceResponseModel.swift in Sources */ = {isa = PBXBuildFile; fileRef = 0FB84E042AF286CC0071A559 /* PostPlaceResponseModel.swift */; };
		0FB84E082AF287840071A559 /* UpdatePlaceRequestModel.swift in Sources */ = {isa = PBXBuildFile; fileRef = 0FB84E072AF287840071A559 /* UpdatePlaceRequestModel.swift */; };
		0FB84E0A2AF287BA0071A559 /* UpdatePlaceResponseModel.swift in Sources */ = {isa = PBXBuildFile; fileRef = 0FB84E092AF287BA0071A559 /* UpdatePlaceResponseModel.swift */; };
		0FB84E0D2AF288180071A559 /* DeletePlaceResposeModel.swift in Sources */ = {isa = PBXBuildFile; fileRef = 0FB84E0C2AF288180071A559 /* DeletePlaceResposeModel.swift */; };
		0FB84E122AF289160071A559 /* GetAllPlacesResponseModel.swift in Sources */ = {isa = PBXBuildFile; fileRef = 0FB84E112AF289160071A559 /* GetAllPlacesResponseModel.swift */; };
		0FC28E362AE92C9F005387E9 /* Router.swift in Sources */ = {isa = PBXBuildFile; fileRef = 0FC28E352AE92C9F005387E9 /* Router.swift */; };
		0FC28E392AE92E56005387E9 /* Alamofire in Frameworks */ = {isa = PBXBuildFile; productRef = 0FC28E382AE92E56005387E9 /* Alamofire */; };
		0FC9671D2AEA4B5D009FB26B /* MainTabbarVC.swift in Sources */ = {isa = PBXBuildFile; fileRef = 0FC9671C2AEA4B5D009FB26B /* MainTabbarVC.swift */; };
		120490772AFCD6020076A0AA /* PlaceBottomView.swift in Sources */ = {isa = PBXBuildFile; fileRef = 120490762AFCD6020076A0AA /* PlaceBottomView.swift */; };
		1214274F2ADC25E700CA1D10 /* SignUpVC.swift in Sources */ = {isa = PBXBuildFile; fileRef = 1214274E2ADC25E700CA1D10 /* SignUpVC.swift */; };
		122DB68A2AFADD2C001CDE5A /* GenericPlacesVM.swift in Sources */ = {isa = PBXBuildFile; fileRef = 122DB6892AFADD2C001CDE5A /* GenericPlacesVM.swift */; };
		122DB68C2AFAE01B001CDE5A /* PlacesModel.swift in Sources */ = {isa = PBXBuildFile; fileRef = 122DB68B2AFAE01B001CDE5A /* PlacesModel.swift */; };
		123F4FD92AFA22B300E0C525 /* HomeVM.swift in Sources */ = {isa = PBXBuildFile; fileRef = 123F4FD82AFA22B300E0C525 /* HomeVM.swift */; };
		12480C442AF0EC0B00549C42 /* SettingsCollectionViewCell.swift in Sources */ = {isa = PBXBuildFile; fileRef = 12480C432AF0EC0B00549C42 /* SettingsCollectionViewCell.swift */; };
		1248ED342AED311200777E98 /* HomePageLayout.swift in Sources */ = {isa = PBXBuildFile; fileRef = 1248ED332AED311200777E98 /* HomePageLayout.swift */; };
		1248ED3B2AED352700777E98 /* HomeCollectionViewCell.swift in Sources */ = {isa = PBXBuildFile; fileRef = 1248ED3A2AED352700777E98 /* HomeCollectionViewCell.swift */; };
		1255D8062ADAC7BD00FB6638 /* AppDelegate.swift in Sources */ = {isa = PBXBuildFile; fileRef = 1255D8052ADAC7BD00FB6638 /* AppDelegate.swift */; };
		1255D8082ADAC7BD00FB6638 /* SceneDelegate.swift in Sources */ = {isa = PBXBuildFile; fileRef = 1255D8072ADAC7BD00FB6638 /* SceneDelegate.swift */; };
		1255D80A2ADAC7BD00FB6638 /* LoginVC.swift in Sources */ = {isa = PBXBuildFile; fileRef = 1255D8092ADAC7BD00FB6638 /* LoginVC.swift */; };
		1255D80F2ADAC7BE00FB6638 /* Assets.xcassets in Resources */ = {isa = PBXBuildFile; fileRef = 1255D80E2ADAC7BE00FB6638 /* Assets.xcassets */; };
		1255D8122ADAC7BE00FB6638 /* LaunchScreen.storyboard in Resources */ = {isa = PBXBuildFile; fileRef = 1255D8102ADAC7BE00FB6638 /* LaunchScreen.storyboard */; };
		1255D81A2ADACC6400FB6638 /* Extensions.swift in Sources */ = {isa = PBXBuildFile; fileRef = 1255D8192ADACC6400FB6638 /* Extensions.swift */; };
		1255D81D2ADACD7500FB6638 /* SnapKit in Frameworks */ = {isa = PBXBuildFile; productRef = 1255D81C2ADACD7500FB6638 /* SnapKit */; };
		1255D85E2ADB155E00FB6638 /* Poppins-ExtraLight.ttf in Resources */ = {isa = PBXBuildFile; fileRef = 1255D84B2ADB155E00FB6638 /* Poppins-ExtraLight.ttf */; };
		1255D85F2ADB155E00FB6638 /* Poppins-ThinItalic.ttf in Resources */ = {isa = PBXBuildFile; fileRef = 1255D84C2ADB155E00FB6638 /* Poppins-ThinItalic.ttf */; };
		1255D8602ADB155E00FB6638 /* Poppins-ExtraLightItalic.ttf in Resources */ = {isa = PBXBuildFile; fileRef = 1255D84D2ADB155E00FB6638 /* Poppins-ExtraLightItalic.ttf */; };
		1255D8612ADB155E00FB6638 /* Poppins-BoldItalic.ttf in Resources */ = {isa = PBXBuildFile; fileRef = 1255D84E2ADB155E00FB6638 /* Poppins-BoldItalic.ttf */; };
		1255D8622ADB155E00FB6638 /* Poppins-Light.ttf in Resources */ = {isa = PBXBuildFile; fileRef = 1255D84F2ADB155E00FB6638 /* Poppins-Light.ttf */; };
		1255D8632ADB155E00FB6638 /* Poppins-Medium.ttf in Resources */ = {isa = PBXBuildFile; fileRef = 1255D8502ADB155E00FB6638 /* Poppins-Medium.ttf */; };
		1255D8642ADB155E00FB6638 /* Poppins-SemiBoldItalic.ttf in Resources */ = {isa = PBXBuildFile; fileRef = 1255D8512ADB155E00FB6638 /* Poppins-SemiBoldItalic.ttf */; };
		1255D8652ADB155E00FB6638 /* Poppins-ExtraBoldItalic.ttf in Resources */ = {isa = PBXBuildFile; fileRef = 1255D8522ADB155E00FB6638 /* Poppins-ExtraBoldItalic.ttf */; };
		1255D8662ADB155E00FB6638 /* Poppins-ExtraBold.ttf in Resources */ = {isa = PBXBuildFile; fileRef = 1255D8532ADB155E00FB6638 /* Poppins-ExtraBold.ttf */; };
		1255D8672ADB155E00FB6638 /* Poppins-BlackItalic.ttf in Resources */ = {isa = PBXBuildFile; fileRef = 1255D8542ADB155E00FB6638 /* Poppins-BlackItalic.ttf */; };
		1255D8682ADB155E00FB6638 /* OFL.txt in Resources */ = {isa = PBXBuildFile; fileRef = 1255D8552ADB155E00FB6638 /* OFL.txt */; };
		1255D8692ADB155E00FB6638 /* Poppins-Regular.ttf in Resources */ = {isa = PBXBuildFile; fileRef = 1255D8562ADB155E00FB6638 /* Poppins-Regular.ttf */; };
		1255D86A2ADB155E00FB6638 /* Poppins-LightItalic.ttf in Resources */ = {isa = PBXBuildFile; fileRef = 1255D8572ADB155E00FB6638 /* Poppins-LightItalic.ttf */; };
		1255D86B2ADB155E00FB6638 /* Poppins-Bold.ttf in Resources */ = {isa = PBXBuildFile; fileRef = 1255D8582ADB155E00FB6638 /* Poppins-Bold.ttf */; };
		1255D86C2ADB155E00FB6638 /* Poppins-Black.ttf in Resources */ = {isa = PBXBuildFile; fileRef = 1255D8592ADB155E00FB6638 /* Poppins-Black.ttf */; };
		1255D86D2ADB155E00FB6638 /* Poppins-Thin.ttf in Resources */ = {isa = PBXBuildFile; fileRef = 1255D85A2ADB155E00FB6638 /* Poppins-Thin.ttf */; };
		1255D86E2ADB155E00FB6638 /* Poppins-SemiBold.ttf in Resources */ = {isa = PBXBuildFile; fileRef = 1255D85B2ADB155E00FB6638 /* Poppins-SemiBold.ttf */; };
		1255D86F2ADB155E00FB6638 /* Poppins-Italic.ttf in Resources */ = {isa = PBXBuildFile; fileRef = 1255D85C2ADB155E00FB6638 /* Poppins-Italic.ttf */; };
		1255D8702ADB155E00FB6638 /* Poppins-MediumItalic.ttf in Resources */ = {isa = PBXBuildFile; fileRef = 1255D85D2ADB155E00FB6638 /* Poppins-MediumItalic.ttf */; };
		125754312AFD5DAD00AD003B /* PlaceDetailsLayout.swift in Sources */ = {isa = PBXBuildFile; fileRef = 125754302AFD5DAD00AD003B /* PlaceDetailsLayout.swift */; };
		125754342AFD6AD800AD003B /* AddNewPlaceViewCell.swift in Sources */ = {isa = PBXBuildFile; fileRef = 125754332AFD6AD800AD003B /* AddNewPlaceViewCell.swift */; };
		125754362AFD7A9800AD003B /* AddNewPlaceVC.swift in Sources */ = {isa = PBXBuildFile; fileRef = 125754352AFD7A9800AD003B /* AddNewPlaceVC.swift */; };
		125754382AFD841D00AD003B /* AddNewPlaceLayout.swift in Sources */ = {isa = PBXBuildFile; fileRef = 125754372AFD841D00AD003B /* AddNewPlaceLayout.swift */; };
		1257543A2AFE2C8100AD003B /* AddPhotoViewCell.swift in Sources */ = {isa = PBXBuildFile; fileRef = 125754392AFE2C8100AD003B /* AddPhotoViewCell.swift */; };
		125B445B2AE944F00047248D /* HomeVC.swift in Sources */ = {isa = PBXBuildFile; fileRef = 125B445A2AE944F00047248D /* HomeVC.swift */; };
		127249C32AF2282200CEAA64 /* SecuritySettingsVC.swift in Sources */ = {isa = PBXBuildFile; fileRef = 127249C22AF2282200CEAA64 /* SecuritySettingsVC.swift */; };
		127249C52AF2291600CEAA64 /* ChangePasswordCell.swift in Sources */ = {isa = PBXBuildFile; fileRef = 127249C42AF2291600CEAA64 /* ChangePasswordCell.swift */; };
		127249D12AF2BF4700CEAA64 /* PrivacyCell.swift in Sources */ = {isa = PBXBuildFile; fileRef = 127249D02AF2BF4700CEAA64 /* PrivacyCell.swift */; };
		127249D42AF2CDC700CEAA64 /* EditProfileVC.swift in Sources */ = {isa = PBXBuildFile; fileRef = 127249D32AF2CDC700CEAA64 /* EditProfileVC.swift */; };
		127249DC2AF3014500CEAA64 /* EditingProfileCell.swift in Sources */ = {isa = PBXBuildFile; fileRef = 127249DB2AF3014500CEAA64 /* EditingProfileCell.swift */; };
		127806202AF7CC260085D31F /* HelpSupportModel.swift in Sources */ = {isa = PBXBuildFile; fileRef = 1278061F2AF7CC260085D31F /* HelpSupportModel.swift */; };
		127806232AF7E2A30085D31F /* MyAddedPlacesVC.swift in Sources */ = {isa = PBXBuildFile; fileRef = 127806222AF7E2A30085D31F /* MyAddedPlacesVC.swift */; };
		127806252AF7E3140085D31F /* MyAddedPlacesViewCell.swift in Sources */ = {isa = PBXBuildFile; fileRef = 127806242AF7E3140085D31F /* MyAddedPlacesViewCell.swift */; };
		127806282AF7EC740085D31F /* MyVisitsVC.swift in Sources */ = {isa = PBXBuildFile; fileRef = 127806272AF7EC740085D31F /* MyVisitsVC.swift */; };
		1278062A2AF7EC840085D31F /* MyVisitsViewCell.swift in Sources */ = {isa = PBXBuildFile; fileRef = 127806292AF7EC840085D31F /* MyVisitsViewCell.swift */; };
		129A8B002AFC18070073CE6E /* MapVC.swift in Sources */ = {isa = PBXBuildFile; fileRef = 129A8AFF2AFC18070073CE6E /* MapVC.swift */; };
		129A8B022AFC2A020073CE6E /* MapPageLayout.swift in Sources */ = {isa = PBXBuildFile; fileRef = 129A8B012AFC2A020073CE6E /* MapPageLayout.swift */; };
		12A009412AEFA58500D2AD14 /* GenericPlacesVC.swift in Sources */ = {isa = PBXBuildFile; fileRef = 12A009402AEFA58500D2AD14 /* GenericPlacesVC.swift */; };
		12A009432AEFA5A900D2AD14 /* GenericPlacesTableViewCell.swift in Sources */ = {isa = PBXBuildFile; fileRef = 12A009422AEFA5A900D2AD14 /* GenericPlacesTableViewCell.swift */; };
		12B02A7D2AF8106F0098DF1D /* PlaceDetailsVC.swift in Sources */ = {isa = PBXBuildFile; fileRef = 12B02A7C2AF8106F0098DF1D /* PlaceDetailsVC.swift */; };
		12B02A7F2AF812010098DF1D /* PlaceTopView.swift in Sources */ = {isa = PBXBuildFile; fileRef = 12B02A7E2AF812010098DF1D /* PlaceTopView.swift */; };
		12B3630A2AFC002C00B84AEF /* MapVM.swift in Sources */ = {isa = PBXBuildFile; fileRef = 12B363092AFC002C00B84AEF /* MapVM.swift */; };
		12B3630D2AFC15CA00B84AEF /* Kingfisher in Frameworks */ = {isa = PBXBuildFile; productRef = 12B3630C2AFC15CA00B84AEF /* Kingfisher */; };
		12BA00BD2AFF99710097275C /* HelpSupportTableCell.swift in Sources */ = {isa = PBXBuildFile; fileRef = 12BA00BC2AFF99710097275C /* HelpSupportTableCell.swift */; };
		12BA00BF2AFF99820097275C /* HelpSupportTableVC.swift in Sources */ = {isa = PBXBuildFile; fileRef = 12BA00BE2AFF99820097275C /* HelpSupportTableVC.swift */; };
		12BA00C22AFFDCDB0097275C /* CommonSetupBackView.swift in Sources */ = {isa = PBXBuildFile; fileRef = 12BA00C12AFFDCDB0097275C /* CommonSetupBackView.swift */; };
		12BA00C52AFFDE880097275C /* TermsOfUseVC.swift in Sources */ = {isa = PBXBuildFile; fileRef = 12BA00C42AFFDE880097275C /* TermsOfUseVC.swift */; };
		12BA00C82AFFE2020097275C /* AboutUsVC.swift in Sources */ = {isa = PBXBuildFile; fileRef = 12BA00C72AFFE2020097275C /* AboutUsVC.swift */; };
		12E0A3652B00357000F1F8D1 /* EditProfileVM.swift in Sources */ = {isa = PBXBuildFile; fileRef = 12E0A3642B00357000F1F8D1 /* EditProfileVM.swift */; };
		12E0A3692B00D8E000F1F8D1 /* AccessManager.swift in Sources */ = {isa = PBXBuildFile; fileRef = 12E0A3682B00D8E000F1F8D1 /* AccessManager.swift */; };
		12E0A3742B01101F00F1F8D1 /* IQKeyboardManagerSwift in Frameworks */ = {isa = PBXBuildFile; productRef = 12E0A3732B01101F00F1F8D1 /* IQKeyboardManagerSwift */; };
		12E1FD502AF38AAB00B89F81 /* TextFieldCell.swift in Sources */ = {isa = PBXBuildFile; fileRef = 12E1FD4F2AF38AAB00B89F81 /* TextFieldCell.swift */; };
		12EAA9E82B001550006DCD42 /* CommonTextField.swift in Sources */ = {isa = PBXBuildFile; fileRef = 12EAA9E72B001550006DCD42 /* CommonTextField.swift */; };
		12F5C1B82B021F37007FB53A /* PlaceDetailsVM.swift in Sources */ = {isa = PBXBuildFile; fileRef = 12F5C1B72B021F37007FB53A /* PlaceDetailsVM.swift */; };
		12F85D832AF9123500FB7CBD /* SectionHeaderView.swift in Sources */ = {isa = PBXBuildFile; fileRef = 12F85D822AF9123500FB7CBD /* SectionHeaderView.swift */; };
		12F85D872AF9148000FB7CBD /* SignUpVM.swift in Sources */ = {isa = PBXBuildFile; fileRef = 12F85D862AF9148000FB7CBD /* SignUpVM.swift */; };
		12F85D892AF9149E00FB7CBD /* LoginVM.swift in Sources */ = {isa = PBXBuildFile; fileRef = 12F85D882AF9149E00FB7CBD /* LoginVM.swift */; };
		12F85D8B2AF915C200FB7CBD /* SettingsVC.swift in Sources */ = {isa = PBXBuildFile; fileRef = 12F85D8A2AF915C200FB7CBD /* SettingsVC.swift */; };
		FF0B44B42AF2A74800586EA7 /* GetPlaceByIdResponseModel.swift in Sources */ = {isa = PBXBuildFile; fileRef = FF0B44B32AF2A74800586EA7 /* GetPlaceByIdResponseModel.swift */; };
		FF0B44B62AF2AAAB00586EA7 /* Place.swift in Sources */ = {isa = PBXBuildFile; fileRef = FF0B44B52AF2AAAB00586EA7 /* Place.swift */; };
		FF0B44B92AF2AD6A00586EA7 /* GetAllPlacesForUserResponseModel.swift in Sources */ = {isa = PBXBuildFile; fileRef = FF0B44B82AF2AD6A00586EA7 /* GetAllPlacesForUserResponseModel.swift */; };
		FF0B44BC2AF2AFE600586EA7 /* GetPopularPlacesResponseModel.swift in Sources */ = {isa = PBXBuildFile; fileRef = FF0B44BB2AF2AFE600586EA7 /* GetPopularPlacesResponseModel.swift */; };
		FF0B44BF2AF2B24100586EA7 /* GetLastPlacesResponseModel.swift in Sources */ = {isa = PBXBuildFile; fileRef = FF0B44BE2AF2B24100586EA7 /* GetLastPlacesResponseModel.swift */; };
		FF9BD5522AF2F0E00072BBA0 /* PostGalleryImageRequestModel.swift in Sources */ = {isa = PBXBuildFile; fileRef = FF9BD5512AF2F0E00072BBA0 /* PostGalleryImageRequestModel.swift */; };
		FF9BD5542AF2F1250072BBA0 /* PostGalleryImageResponseModel.swift in Sources */ = {isa = PBXBuildFile; fileRef = FF9BD5532AF2F1250072BBA0 /* PostGalleryImageResponseModel.swift */; };
		FF9BD5572AF2F19A0072BBA0 /* DeleteGalleryImageResponseModel.swift in Sources */ = {isa = PBXBuildFile; fileRef = FF9BD5562AF2F19A0072BBA0 /* DeleteGalleryImageResponseModel.swift */; };
		FF9BD55A2AF2F2960072BBA0 /* ImageModel.swift in Sources */ = {isa = PBXBuildFile; fileRef = FF9BD5592AF2F2960072BBA0 /* ImageModel.swift */; };
		FF9BD55C2AF2F3800072BBA0 /* GetAllGalleryByPlaceIdResponseModel.swift in Sources */ = {isa = PBXBuildFile; fileRef = FF9BD55B2AF2F3800072BBA0 /* GetAllGalleryByPlaceIdResponseModel.swift */; };
		FF9BD5602AF2F4840072BBA0 /* PostVisitResponseModel.swift in Sources */ = {isa = PBXBuildFile; fileRef = FF9BD55F2AF2F4840072BBA0 /* PostVisitResponseModel.swift */; };
		FF9BD5622AF2F5210072BBA0 /* PostVisitRequestModel.swift in Sources */ = {isa = PBXBuildFile; fileRef = FF9BD5612AF2F5210072BBA0 /* PostVisitRequestModel.swift */; };
		FF9BD5652AF2F5FF0072BBA0 /* VisitModel.swift in Sources */ = {isa = PBXBuildFile; fileRef = FF9BD5642AF2F5FF0072BBA0 /* VisitModel.swift */; };
		FF9BD5672AF2F6BA0072BBA0 /* GetAllVisitsResponseModel.swift in Sources */ = {isa = PBXBuildFile; fileRef = FF9BD5662AF2F6BA0072BBA0 /* GetAllVisitsResponseModel.swift */; };
		FF9BD56A2AF2F86B0072BBA0 /* GetVisitByIdResponseModel.swift in Sources */ = {isa = PBXBuildFile; fileRef = FF9BD5692AF2F86B0072BBA0 /* GetVisitByIdResponseModel.swift */; };
		FF9BD56D2AF2F92D0072BBA0 /* DeleteVisitByPlaceIdResponseModel.swift in Sources */ = {isa = PBXBuildFile; fileRef = FF9BD56C2AF2F92D0072BBA0 /* DeleteVisitByPlaceIdResponseModel.swift */; };
		FF9BD5702AF2FA2A0072BBA0 /* CheckVisitByPlaceIdResponseModel.swift in Sources */ = {isa = PBXBuildFile; fileRef = FF9BD56F2AF2FA2A0072BBA0 /* CheckVisitByPlaceIdResponseModel.swift */; };
/* End PBXBuildFile section */

/* Begin PBXFileReference section */
		0F34F45E2AEA580A007189BE /* NetworkingHelper.swift */ = {isa = PBXFileReference; lastKnownFileType = sourcecode.swift; path = NetworkingHelper.swift; sourceTree = "<group>"; };
		0F5CB3142AF2681D00B9F13F /* RefreshRequestModel.swift */ = {isa = PBXFileReference; lastKnownFileType = sourcecode.swift; path = RefreshRequestModel.swift; sourceTree = "<group>"; };
		0F5CB3182AF2697C00B9F13F /* RefreshResponseModel.swift */ = {isa = PBXFileReference; lastKnownFileType = sourcecode.swift; path = RefreshResponseModel.swift; sourceTree = "<group>"; };
		0F5CB31A2AF26C6700B9F13F /* UploadResponseModel.swift */ = {isa = PBXFileReference; lastKnownFileType = sourcecode.swift; path = UploadResponseModel.swift; sourceTree = "<group>"; };
		0F5CB31C2AF2755000B9F13F /* ProfileResponseModel.swift */ = {isa = PBXFileReference; lastKnownFileType = sourcecode.swift; path = ProfileResponseModel.swift; sourceTree = "<group>"; };
		0F5CB31E2AF277C900B9F13F /* EditProfileRequestModel.swift */ = {isa = PBXFileReference; lastKnownFileType = sourcecode.swift; path = EditProfileRequestModel.swift; sourceTree = "<group>"; };
		0F5CB3202AF2785800B9F13F /* EditProfileResponseModel.swift */ = {isa = PBXFileReference; lastKnownFileType = sourcecode.swift; path = EditProfileResponseModel.swift; sourceTree = "<group>"; };
		0F5CB3222AF2792200B9F13F /* ChangePasswordRequestModel.swift */ = {isa = PBXFileReference; lastKnownFileType = sourcecode.swift; path = ChangePasswordRequestModel.swift; sourceTree = "<group>"; };
		0F5CB3242AF2797E00B9F13F /* ChangePasswordResponseModel.swift */ = {isa = PBXFileReference; lastKnownFileType = sourcecode.swift; path = ChangePasswordResponseModel.swift; sourceTree = "<group>"; };
		0F6E23262AF2343200F843C6 /* RegisterRequestModel.swift */ = {isa = PBXFileReference; lastKnownFileType = sourcecode.swift; path = RegisterRequestModel.swift; sourceTree = "<group>"; };
		0F6E23282AF235D400F843C6 /* RegisterResponseModel.swift */ = {isa = PBXFileReference; lastKnownFileType = sourcecode.swift; path = RegisterResponseModel.swift; sourceTree = "<group>"; };
		0F6E232A2AF236B800F843C6 /* LoginRequestModel.swift */ = {isa = PBXFileReference; lastKnownFileType = sourcecode.swift; path = LoginRequestModel.swift; sourceTree = "<group>"; };
		0F6E232C2AF2373C00F843C6 /* LoginResponseModel.swift */ = {isa = PBXFileReference; lastKnownFileType = sourcecode.swift; path = LoginResponseModel.swift; sourceTree = "<group>"; };
		0F866E132AFA136F000C784A /* MapAnnotation.swift */ = {isa = PBXFileReference; lastKnownFileType = sourcecode.swift; path = MapAnnotation.swift; sourceTree = "<group>"; };
		0F866E172AFA3107000C784A /* MapViewCell.swift */ = {isa = PBXFileReference; lastKnownFileType = sourcecode.swift; path = MapViewCell.swift; sourceTree = "<group>"; };
		0FB69B0A2B02081500F476B7 /* SecuritySettingsVM.swift */ = {isa = PBXFileReference; lastKnownFileType = sourcecode.swift; path = SecuritySettingsVM.swift; sourceTree = "<group>"; };
		0FB84E022AF285080071A559 /* PostPlaceRequestModel.swift */ = {isa = PBXFileReference; lastKnownFileType = sourcecode.swift; path = PostPlaceRequestModel.swift; sourceTree = "<group>"; };
		0FB84E042AF286CC0071A559 /* PostPlaceResponseModel.swift */ = {isa = PBXFileReference; lastKnownFileType = sourcecode.swift; path = PostPlaceResponseModel.swift; sourceTree = "<group>"; };
		0FB84E072AF287840071A559 /* UpdatePlaceRequestModel.swift */ = {isa = PBXFileReference; lastKnownFileType = sourcecode.swift; path = UpdatePlaceRequestModel.swift; sourceTree = "<group>"; };
		0FB84E092AF287BA0071A559 /* UpdatePlaceResponseModel.swift */ = {isa = PBXFileReference; lastKnownFileType = sourcecode.swift; path = UpdatePlaceResponseModel.swift; sourceTree = "<group>"; };
		0FB84E0C2AF288180071A559 /* DeletePlaceResposeModel.swift */ = {isa = PBXFileReference; lastKnownFileType = sourcecode.swift; path = DeletePlaceResposeModel.swift; sourceTree = "<group>"; };
		0FB84E112AF289160071A559 /* GetAllPlacesResponseModel.swift */ = {isa = PBXFileReference; lastKnownFileType = sourcecode.swift; path = GetAllPlacesResponseModel.swift; sourceTree = "<group>"; };
		0FC28E352AE92C9F005387E9 /* Router.swift */ = {isa = PBXFileReference; lastKnownFileType = sourcecode.swift; path = Router.swift; sourceTree = "<group>"; };
		0FC9671C2AEA4B5D009FB26B /* MainTabbarVC.swift */ = {isa = PBXFileReference; lastKnownFileType = sourcecode.swift; path = MainTabbarVC.swift; sourceTree = "<group>"; };
		120490762AFCD6020076A0AA /* PlaceBottomView.swift */ = {isa = PBXFileReference; fileEncoding = 4; lastKnownFileType = sourcecode.swift; path = PlaceBottomView.swift; sourceTree = "<group>"; };
		1214274E2ADC25E700CA1D10 /* SignUpVC.swift */ = {isa = PBXFileReference; lastKnownFileType = sourcecode.swift; path = SignUpVC.swift; sourceTree = "<group>"; };
		122DB6892AFADD2C001CDE5A /* GenericPlacesVM.swift */ = {isa = PBXFileReference; lastKnownFileType = sourcecode.swift; path = GenericPlacesVM.swift; sourceTree = "<group>"; };
		122DB68B2AFAE01B001CDE5A /* PlacesModel.swift */ = {isa = PBXFileReference; fileEncoding = 4; lastKnownFileType = sourcecode.swift; path = PlacesModel.swift; sourceTree = "<group>"; };
		123F4FD82AFA22B300E0C525 /* HomeVM.swift */ = {isa = PBXFileReference; lastKnownFileType = sourcecode.swift; path = HomeVM.swift; sourceTree = "<group>"; };
		12480C432AF0EC0B00549C42 /* SettingsCollectionViewCell.swift */ = {isa = PBXFileReference; lastKnownFileType = sourcecode.swift; path = SettingsCollectionViewCell.swift; sourceTree = "<group>"; };
		1248ED332AED311200777E98 /* HomePageLayout.swift */ = {isa = PBXFileReference; lastKnownFileType = sourcecode.swift; path = HomePageLayout.swift; sourceTree = "<group>"; };
		1248ED3A2AED352700777E98 /* HomeCollectionViewCell.swift */ = {isa = PBXFileReference; lastKnownFileType = sourcecode.swift; path = HomeCollectionViewCell.swift; sourceTree = "<group>"; };
		1255D8022ADAC7BD00FB6638 /* Travio.app */ = {isa = PBXFileReference; explicitFileType = wrapper.application; includeInIndex = 0; path = Travio.app; sourceTree = BUILT_PRODUCTS_DIR; };
		1255D8052ADAC7BD00FB6638 /* AppDelegate.swift */ = {isa = PBXFileReference; lastKnownFileType = sourcecode.swift; path = AppDelegate.swift; sourceTree = "<group>"; };
		1255D8072ADAC7BD00FB6638 /* SceneDelegate.swift */ = {isa = PBXFileReference; lastKnownFileType = sourcecode.swift; path = SceneDelegate.swift; sourceTree = "<group>"; };
		1255D8092ADAC7BD00FB6638 /* LoginVC.swift */ = {isa = PBXFileReference; lastKnownFileType = sourcecode.swift; path = LoginVC.swift; sourceTree = "<group>"; };
		1255D80E2ADAC7BE00FB6638 /* Assets.xcassets */ = {isa = PBXFileReference; lastKnownFileType = folder.assetcatalog; path = Assets.xcassets; sourceTree = "<group>"; };
		1255D8112ADAC7BE00FB6638 /* Base */ = {isa = PBXFileReference; lastKnownFileType = file.storyboard; name = Base; path = Base.lproj/LaunchScreen.storyboard; sourceTree = "<group>"; };
		1255D8132ADAC7BE00FB6638 /* Info.plist */ = {isa = PBXFileReference; lastKnownFileType = text.plist.xml; path = Info.plist; sourceTree = "<group>"; };
		1255D8192ADACC6400FB6638 /* Extensions.swift */ = {isa = PBXFileReference; lastKnownFileType = sourcecode.swift; path = Extensions.swift; sourceTree = "<group>"; };
		1255D84B2ADB155E00FB6638 /* Poppins-ExtraLight.ttf */ = {isa = PBXFileReference; lastKnownFileType = file; path = "Poppins-ExtraLight.ttf"; sourceTree = "<group>"; };
		1255D84C2ADB155E00FB6638 /* Poppins-ThinItalic.ttf */ = {isa = PBXFileReference; lastKnownFileType = file; path = "Poppins-ThinItalic.ttf"; sourceTree = "<group>"; };
		1255D84D2ADB155E00FB6638 /* Poppins-ExtraLightItalic.ttf */ = {isa = PBXFileReference; lastKnownFileType = file; path = "Poppins-ExtraLightItalic.ttf"; sourceTree = "<group>"; };
		1255D84E2ADB155E00FB6638 /* Poppins-BoldItalic.ttf */ = {isa = PBXFileReference; lastKnownFileType = file; path = "Poppins-BoldItalic.ttf"; sourceTree = "<group>"; };
		1255D84F2ADB155E00FB6638 /* Poppins-Light.ttf */ = {isa = PBXFileReference; lastKnownFileType = file; path = "Poppins-Light.ttf"; sourceTree = "<group>"; };
		1255D8502ADB155E00FB6638 /* Poppins-Medium.ttf */ = {isa = PBXFileReference; lastKnownFileType = file; path = "Poppins-Medium.ttf"; sourceTree = "<group>"; };
		1255D8512ADB155E00FB6638 /* Poppins-SemiBoldItalic.ttf */ = {isa = PBXFileReference; lastKnownFileType = file; path = "Poppins-SemiBoldItalic.ttf"; sourceTree = "<group>"; };
		1255D8522ADB155E00FB6638 /* Poppins-ExtraBoldItalic.ttf */ = {isa = PBXFileReference; lastKnownFileType = file; path = "Poppins-ExtraBoldItalic.ttf"; sourceTree = "<group>"; };
		1255D8532ADB155E00FB6638 /* Poppins-ExtraBold.ttf */ = {isa = PBXFileReference; lastKnownFileType = file; path = "Poppins-ExtraBold.ttf"; sourceTree = "<group>"; };
		1255D8542ADB155E00FB6638 /* Poppins-BlackItalic.ttf */ = {isa = PBXFileReference; lastKnownFileType = file; path = "Poppins-BlackItalic.ttf"; sourceTree = "<group>"; };
		1255D8552ADB155E00FB6638 /* OFL.txt */ = {isa = PBXFileReference; fileEncoding = 4; lastKnownFileType = text; path = OFL.txt; sourceTree = "<group>"; };
		1255D8562ADB155E00FB6638 /* Poppins-Regular.ttf */ = {isa = PBXFileReference; lastKnownFileType = file; path = "Poppins-Regular.ttf"; sourceTree = "<group>"; };
		1255D8572ADB155E00FB6638 /* Poppins-LightItalic.ttf */ = {isa = PBXFileReference; lastKnownFileType = file; path = "Poppins-LightItalic.ttf"; sourceTree = "<group>"; };
		1255D8582ADB155E00FB6638 /* Poppins-Bold.ttf */ = {isa = PBXFileReference; lastKnownFileType = file; path = "Poppins-Bold.ttf"; sourceTree = "<group>"; };
		1255D8592ADB155E00FB6638 /* Poppins-Black.ttf */ = {isa = PBXFileReference; lastKnownFileType = file; path = "Poppins-Black.ttf"; sourceTree = "<group>"; };
		1255D85A2ADB155E00FB6638 /* Poppins-Thin.ttf */ = {isa = PBXFileReference; lastKnownFileType = file; path = "Poppins-Thin.ttf"; sourceTree = "<group>"; };
		1255D85B2ADB155E00FB6638 /* Poppins-SemiBold.ttf */ = {isa = PBXFileReference; lastKnownFileType = file; path = "Poppins-SemiBold.ttf"; sourceTree = "<group>"; };
		1255D85C2ADB155E00FB6638 /* Poppins-Italic.ttf */ = {isa = PBXFileReference; lastKnownFileType = file; path = "Poppins-Italic.ttf"; sourceTree = "<group>"; };
		1255D85D2ADB155E00FB6638 /* Poppins-MediumItalic.ttf */ = {isa = PBXFileReference; lastKnownFileType = file; path = "Poppins-MediumItalic.ttf"; sourceTree = "<group>"; };
		125754302AFD5DAD00AD003B /* PlaceDetailsLayout.swift */ = {isa = PBXFileReference; lastKnownFileType = sourcecode.swift; path = PlaceDetailsLayout.swift; sourceTree = "<group>"; };
		125754332AFD6AD800AD003B /* AddNewPlaceViewCell.swift */ = {isa = PBXFileReference; lastKnownFileType = sourcecode.swift; path = AddNewPlaceViewCell.swift; sourceTree = "<group>"; };
		125754352AFD7A9800AD003B /* AddNewPlaceVC.swift */ = {isa = PBXFileReference; lastKnownFileType = sourcecode.swift; path = AddNewPlaceVC.swift; sourceTree = "<group>"; };
		125754372AFD841D00AD003B /* AddNewPlaceLayout.swift */ = {isa = PBXFileReference; lastKnownFileType = sourcecode.swift; path = AddNewPlaceLayout.swift; sourceTree = "<group>"; };
		125754392AFE2C8100AD003B /* AddPhotoViewCell.swift */ = {isa = PBXFileReference; lastKnownFileType = sourcecode.swift; path = AddPhotoViewCell.swift; sourceTree = "<group>"; };
		125B445A2AE944F00047248D /* HomeVC.swift */ = {isa = PBXFileReference; lastKnownFileType = sourcecode.swift; path = HomeVC.swift; sourceTree = "<group>"; };
		127249C22AF2282200CEAA64 /* SecuritySettingsVC.swift */ = {isa = PBXFileReference; lastKnownFileType = sourcecode.swift; path = SecuritySettingsVC.swift; sourceTree = "<group>"; };
		127249C42AF2291600CEAA64 /* ChangePasswordCell.swift */ = {isa = PBXFileReference; lastKnownFileType = sourcecode.swift; path = ChangePasswordCell.swift; sourceTree = "<group>"; };
		127249D02AF2BF4700CEAA64 /* PrivacyCell.swift */ = {isa = PBXFileReference; lastKnownFileType = sourcecode.swift; path = PrivacyCell.swift; sourceTree = "<group>"; };
		127249D32AF2CDC700CEAA64 /* EditProfileVC.swift */ = {isa = PBXFileReference; lastKnownFileType = sourcecode.swift; path = EditProfileVC.swift; sourceTree = "<group>"; };
		127249DB2AF3014500CEAA64 /* EditingProfileCell.swift */ = {isa = PBXFileReference; lastKnownFileType = sourcecode.swift; path = EditingProfileCell.swift; sourceTree = "<group>"; };
		1278061F2AF7CC260085D31F /* HelpSupportModel.swift */ = {isa = PBXFileReference; lastKnownFileType = sourcecode.swift; path = HelpSupportModel.swift; sourceTree = "<group>"; };
		127806222AF7E2A30085D31F /* MyAddedPlacesVC.swift */ = {isa = PBXFileReference; lastKnownFileType = sourcecode.swift; path = MyAddedPlacesVC.swift; sourceTree = "<group>"; };
		127806242AF7E3140085D31F /* MyAddedPlacesViewCell.swift */ = {isa = PBXFileReference; lastKnownFileType = sourcecode.swift; path = MyAddedPlacesViewCell.swift; sourceTree = "<group>"; };
		127806272AF7EC740085D31F /* MyVisitsVC.swift */ = {isa = PBXFileReference; lastKnownFileType = sourcecode.swift; path = MyVisitsVC.swift; sourceTree = "<group>"; };
		127806292AF7EC840085D31F /* MyVisitsViewCell.swift */ = {isa = PBXFileReference; lastKnownFileType = sourcecode.swift; path = MyVisitsViewCell.swift; sourceTree = "<group>"; };
		129A8AFF2AFC18070073CE6E /* MapVC.swift */ = {isa = PBXFileReference; lastKnownFileType = sourcecode.swift; path = MapVC.swift; sourceTree = "<group>"; };
		129A8B012AFC2A020073CE6E /* MapPageLayout.swift */ = {isa = PBXFileReference; lastKnownFileType = sourcecode.swift; path = MapPageLayout.swift; sourceTree = "<group>"; };
		12A009402AEFA58500D2AD14 /* GenericPlacesVC.swift */ = {isa = PBXFileReference; lastKnownFileType = sourcecode.swift; path = GenericPlacesVC.swift; sourceTree = "<group>"; };
		12A009422AEFA5A900D2AD14 /* GenericPlacesTableViewCell.swift */ = {isa = PBXFileReference; lastKnownFileType = sourcecode.swift; path = GenericPlacesTableViewCell.swift; sourceTree = "<group>"; };
		12B02A7C2AF8106F0098DF1D /* PlaceDetailsVC.swift */ = {isa = PBXFileReference; lastKnownFileType = sourcecode.swift; path = PlaceDetailsVC.swift; sourceTree = "<group>"; };
		12B02A7E2AF812010098DF1D /* PlaceTopView.swift */ = {isa = PBXFileReference; lastKnownFileType = sourcecode.swift; path = PlaceTopView.swift; sourceTree = "<group>"; };
		12B363092AFC002C00B84AEF /* MapVM.swift */ = {isa = PBXFileReference; lastKnownFileType = sourcecode.swift; path = MapVM.swift; sourceTree = "<group>"; };
		12BA00BC2AFF99710097275C /* HelpSupportTableCell.swift */ = {isa = PBXFileReference; lastKnownFileType = sourcecode.swift; path = HelpSupportTableCell.swift; sourceTree = "<group>"; };
		12BA00BE2AFF99820097275C /* HelpSupportTableVC.swift */ = {isa = PBXFileReference; lastKnownFileType = sourcecode.swift; path = HelpSupportTableVC.swift; sourceTree = "<group>"; };
		12BA00C12AFFDCDB0097275C /* CommonSetupBackView.swift */ = {isa = PBXFileReference; lastKnownFileType = sourcecode.swift; path = CommonSetupBackView.swift; sourceTree = "<group>"; };
		12BA00C42AFFDE880097275C /* TermsOfUseVC.swift */ = {isa = PBXFileReference; lastKnownFileType = sourcecode.swift; path = TermsOfUseVC.swift; sourceTree = "<group>"; };
		12BA00C72AFFE2020097275C /* AboutUsVC.swift */ = {isa = PBXFileReference; lastKnownFileType = sourcecode.swift; path = AboutUsVC.swift; sourceTree = "<group>"; };
		12E0A3642B00357000F1F8D1 /* EditProfileVM.swift */ = {isa = PBXFileReference; lastKnownFileType = sourcecode.swift; path = EditProfileVM.swift; sourceTree = "<group>"; };
		12E0A3682B00D8E000F1F8D1 /* AccessManager.swift */ = {isa = PBXFileReference; lastKnownFileType = sourcecode.swift; path = AccessManager.swift; sourceTree = "<group>"; };
		12E1FD4F2AF38AAB00B89F81 /* TextFieldCell.swift */ = {isa = PBXFileReference; lastKnownFileType = sourcecode.swift; path = TextFieldCell.swift; sourceTree = "<group>"; };
		12EAA9E72B001550006DCD42 /* CommonTextField.swift */ = {isa = PBXFileReference; lastKnownFileType = sourcecode.swift; path = CommonTextField.swift; sourceTree = "<group>"; };
		12F5C1B72B021F37007FB53A /* PlaceDetailsVM.swift */ = {isa = PBXFileReference; lastKnownFileType = sourcecode.swift; path = PlaceDetailsVM.swift; sourceTree = "<group>"; };
		12F85D822AF9123500FB7CBD /* SectionHeaderView.swift */ = {isa = PBXFileReference; lastKnownFileType = sourcecode.swift; path = SectionHeaderView.swift; sourceTree = "<group>"; };
		12F85D862AF9148000FB7CBD /* SignUpVM.swift */ = {isa = PBXFileReference; lastKnownFileType = sourcecode.swift; path = SignUpVM.swift; sourceTree = "<group>"; };
		12F85D882AF9149E00FB7CBD /* LoginVM.swift */ = {isa = PBXFileReference; lastKnownFileType = sourcecode.swift; path = LoginVM.swift; sourceTree = "<group>"; };
		12F85D8A2AF915C200FB7CBD /* SettingsVC.swift */ = {isa = PBXFileReference; lastKnownFileType = sourcecode.swift; path = SettingsVC.swift; sourceTree = "<group>"; };
		FF0B44B32AF2A74800586EA7 /* GetPlaceByIdResponseModel.swift */ = {isa = PBXFileReference; lastKnownFileType = sourcecode.swift; path = GetPlaceByIdResponseModel.swift; sourceTree = "<group>"; };
		FF0B44B52AF2AAAB00586EA7 /* Place.swift */ = {isa = PBXFileReference; lastKnownFileType = sourcecode.swift; path = Place.swift; sourceTree = "<group>"; };
		FF0B44B82AF2AD6A00586EA7 /* GetAllPlacesForUserResponseModel.swift */ = {isa = PBXFileReference; lastKnownFileType = sourcecode.swift; path = GetAllPlacesForUserResponseModel.swift; sourceTree = "<group>"; };
		FF0B44BB2AF2AFE600586EA7 /* GetPopularPlacesResponseModel.swift */ = {isa = PBXFileReference; lastKnownFileType = sourcecode.swift; path = GetPopularPlacesResponseModel.swift; sourceTree = "<group>"; };
		FF0B44BE2AF2B24100586EA7 /* GetLastPlacesResponseModel.swift */ = {isa = PBXFileReference; lastKnownFileType = sourcecode.swift; path = GetLastPlacesResponseModel.swift; sourceTree = "<group>"; };
		FF9BD5512AF2F0E00072BBA0 /* PostGalleryImageRequestModel.swift */ = {isa = PBXFileReference; lastKnownFileType = sourcecode.swift; path = PostGalleryImageRequestModel.swift; sourceTree = "<group>"; };
		FF9BD5532AF2F1250072BBA0 /* PostGalleryImageResponseModel.swift */ = {isa = PBXFileReference; lastKnownFileType = sourcecode.swift; path = PostGalleryImageResponseModel.swift; sourceTree = "<group>"; };
		FF9BD5562AF2F19A0072BBA0 /* DeleteGalleryImageResponseModel.swift */ = {isa = PBXFileReference; lastKnownFileType = sourcecode.swift; path = DeleteGalleryImageResponseModel.swift; sourceTree = "<group>"; };
		FF9BD5592AF2F2960072BBA0 /* ImageModel.swift */ = {isa = PBXFileReference; lastKnownFileType = sourcecode.swift; path = ImageModel.swift; sourceTree = "<group>"; };
		FF9BD55B2AF2F3800072BBA0 /* GetAllGalleryByPlaceIdResponseModel.swift */ = {isa = PBXFileReference; lastKnownFileType = sourcecode.swift; path = GetAllGalleryByPlaceIdResponseModel.swift; sourceTree = "<group>"; };
		FF9BD55F2AF2F4840072BBA0 /* PostVisitResponseModel.swift */ = {isa = PBXFileReference; lastKnownFileType = sourcecode.swift; path = PostVisitResponseModel.swift; sourceTree = "<group>"; };
		FF9BD5612AF2F5210072BBA0 /* PostVisitRequestModel.swift */ = {isa = PBXFileReference; lastKnownFileType = sourcecode.swift; path = PostVisitRequestModel.swift; sourceTree = "<group>"; };
		FF9BD5642AF2F5FF0072BBA0 /* VisitModel.swift */ = {isa = PBXFileReference; lastKnownFileType = sourcecode.swift; path = VisitModel.swift; sourceTree = "<group>"; };
		FF9BD5662AF2F6BA0072BBA0 /* GetAllVisitsResponseModel.swift */ = {isa = PBXFileReference; lastKnownFileType = sourcecode.swift; path = GetAllVisitsResponseModel.swift; sourceTree = "<group>"; };
		FF9BD5692AF2F86B0072BBA0 /* GetVisitByIdResponseModel.swift */ = {isa = PBXFileReference; lastKnownFileType = sourcecode.swift; path = GetVisitByIdResponseModel.swift; sourceTree = "<group>"; };
		FF9BD56C2AF2F92D0072BBA0 /* DeleteVisitByPlaceIdResponseModel.swift */ = {isa = PBXFileReference; lastKnownFileType = sourcecode.swift; path = DeleteVisitByPlaceIdResponseModel.swift; sourceTree = "<group>"; };
		FF9BD56F2AF2FA2A0072BBA0 /* CheckVisitByPlaceIdResponseModel.swift */ = {isa = PBXFileReference; lastKnownFileType = sourcecode.swift; path = CheckVisitByPlaceIdResponseModel.swift; sourceTree = "<group>"; };
/* End PBXFileReference section */

/* Begin PBXFrameworksBuildPhase section */
		1255D7FF2ADAC7BD00FB6638 /* Frameworks */ = {
			isa = PBXFrameworksBuildPhase;
			buildActionMask = 2147483647;
			files = (
				12E0A3742B01101F00F1F8D1 /* IQKeyboardManagerSwift in Frameworks */,
				12B3630D2AFC15CA00B84AEF /* Kingfisher in Frameworks */,
				0FC28E392AE92E56005387E9 /* Alamofire in Frameworks */,
				1255D81D2ADACD7500FB6638 /* SnapKit in Frameworks */,
			);
			runOnlyForDeploymentPostprocessing = 0;
		};
/* End PBXFrameworksBuildPhase section */

/* Begin PBXGroup section */
		0F866E122AFA10C3000C784A /* MapPage */ = {
			isa = PBXGroup;
			children = (
				0F866E132AFA136F000C784A /* MapAnnotation.swift */,
				0F866E172AFA3107000C784A /* MapViewCell.swift */,
				12B363092AFC002C00B84AEF /* MapVM.swift */,
				129A8AFF2AFC18070073CE6E /* MapVC.swift */,
				129A8B012AFC2A020073CE6E /* MapPageLayout.swift */,
			);
			path = MapPage;
			sourceTree = "<group>";
		};
		0FB84DF62AF282470071A559 /* APIModels */ = {
			isa = PBXGroup;
			children = (
				FF9BD55D2AF2F3F70072BBA0 /* VisitModels */,
				FF9BD54F2AF2F00C0072BBA0 /* GalleryModels */,
				0FB84E002AF284B20071A559 /* PlacesModels */,
				0FB84DF72AF2831E0071A559 /* Auth&UploadModels */,
			);
			path = APIModels;
			sourceTree = "<group>";
		};
		0FB84DF72AF2831E0071A559 /* Auth&UploadModels */ = {
			isa = PBXGroup;
			children = (
				0FB84DFF2AF284780071A559 /* SignUpModels */,
				0FB84DFE2AF2845A0071A559 /* UploadModels */,
				0FB84DFD2AF2843F0071A559 /* LoginModels */,
				0FB84DFC2AF284210071A559 /* ProfileModels */,
				0FB84DFB2AF283FF0071A559 /* RefreshModels */,
				0FB84DF92AF283B10071A559 /* EditProfileModels */,
				0FB84DF82AF283460071A559 /* ChangePasswordModels */,
			);
			path = "Auth&UploadModels";
			sourceTree = "<group>";
		};
		0FB84DF82AF283460071A559 /* ChangePasswordModels */ = {
			isa = PBXGroup;
			children = (
				0F5CB3242AF2797E00B9F13F /* ChangePasswordResponseModel.swift */,
				0F5CB3222AF2792200B9F13F /* ChangePasswordRequestModel.swift */,
			);
			path = ChangePasswordModels;
			sourceTree = "<group>";
		};
		0FB84DF92AF283B10071A559 /* EditProfileModels */ = {
			isa = PBXGroup;
			children = (
				0F5CB3202AF2785800B9F13F /* EditProfileResponseModel.swift */,
				0F5CB31E2AF277C900B9F13F /* EditProfileRequestModel.swift */,
			);
			path = EditProfileModels;
			sourceTree = "<group>";
		};
		0FB84DFB2AF283FF0071A559 /* RefreshModels */ = {
			isa = PBXGroup;
			children = (
				0F5CB3142AF2681D00B9F13F /* RefreshRequestModel.swift */,
				0F5CB3182AF2697C00B9F13F /* RefreshResponseModel.swift */,
			);
			path = RefreshModels;
			sourceTree = "<group>";
		};
		0FB84DFC2AF284210071A559 /* ProfileModels */ = {
			isa = PBXGroup;
			children = (
				0F5CB31C2AF2755000B9F13F /* ProfileResponseModel.swift */,
			);
			path = ProfileModels;
			sourceTree = "<group>";
		};
		0FB84DFD2AF2843F0071A559 /* LoginModels */ = {
			isa = PBXGroup;
			children = (
				0F6E232A2AF236B800F843C6 /* LoginRequestModel.swift */,
				0F6E232C2AF2373C00F843C6 /* LoginResponseModel.swift */,
			);
			path = LoginModels;
			sourceTree = "<group>";
		};
		0FB84DFE2AF2845A0071A559 /* UploadModels */ = {
			isa = PBXGroup;
			children = (
				0F5CB31A2AF26C6700B9F13F /* UploadResponseModel.swift */,
			);
			path = UploadModels;
			sourceTree = "<group>";
		};
		0FB84DFF2AF284780071A559 /* SignUpModels */ = {
			isa = PBXGroup;
			children = (
				0F6E23282AF235D400F843C6 /* RegisterResponseModel.swift */,
				0F6E23262AF2343200F843C6 /* RegisterRequestModel.swift */,
			);
			path = SignUpModels;
			sourceTree = "<group>";
		};
		0FB84E002AF284B20071A559 /* PlacesModels */ = {
			isa = PBXGroup;
			children = (
				FF0B44BD2AF2B21100586EA7 /* GetLastPlacesModels */,
				FF0B44BA2AF2AF6000586EA7 /* GetPopularPlacesModels */,
				FF0B44B72AF2AD2C00586EA7 /* GetAllPlacesForUserModels */,
				FF0B44B22AF2A71300586EA7 /* GetPlaceByIdModels */,
				0FB84E0E2AF288930071A559 /* GetAllPlacesModels */,
				0FB84E0B2AF287EB0071A559 /* DeletePlaceModels */,
				0FB84E062AF287400071A559 /* UpdatePlaceModels */,
				0FB84E012AF284CD0071A559 /* PostPlaceModels */,
				FF0B44B52AF2AAAB00586EA7 /* Place.swift */,
			);
			path = PlacesModels;
			sourceTree = "<group>";
		};
		0FB84E012AF284CD0071A559 /* PostPlaceModels */ = {
			isa = PBXGroup;
			children = (
				0FB84E022AF285080071A559 /* PostPlaceRequestModel.swift */,
				0FB84E042AF286CC0071A559 /* PostPlaceResponseModel.swift */,
			);
			path = PostPlaceModels;
			sourceTree = "<group>";
		};
		0FB84E062AF287400071A559 /* UpdatePlaceModels */ = {
			isa = PBXGroup;
			children = (
				0FB84E072AF287840071A559 /* UpdatePlaceRequestModel.swift */,
				0FB84E092AF287BA0071A559 /* UpdatePlaceResponseModel.swift */,
			);
			path = UpdatePlaceModels;
			sourceTree = "<group>";
		};
		0FB84E0B2AF287EB0071A559 /* DeletePlaceModels */ = {
			isa = PBXGroup;
			children = (
				0FB84E0C2AF288180071A559 /* DeletePlaceResposeModel.swift */,
			);
			path = DeletePlaceModels;
			sourceTree = "<group>";
		};
		0FB84E0E2AF288930071A559 /* GetAllPlacesModels */ = {
			isa = PBXGroup;
			children = (
				0FB84E112AF289160071A559 /* GetAllPlacesResponseModel.swift */,
			);
			path = GetAllPlacesModels;
			sourceTree = "<group>";
		};
		12480C422AF0EBE400549C42 /* SettingsPage */ = {
			isa = PBXGroup;
			children = (
				12480C432AF0EC0B00549C42 /* SettingsCollectionViewCell.swift */,
				12F85D8A2AF915C200FB7CBD /* SettingsVC.swift */,
			);
			path = SettingsPage;
			sourceTree = "<group>";
		};
		1248ED322AED310400777E98 /* Model */ = {
			isa = PBXGroup;
			children = (
				0FB84DF62AF282470071A559 /* APIModels */,
			);
			path = Model;
			sourceTree = "<group>";
		};
		1248ED4A2AED519D00777E98 /* HomePage */ = {
			isa = PBXGroup;
			children = (
				122DB68B2AFAE01B001CDE5A /* PlacesModel.swift */,
				1248ED3A2AED352700777E98 /* HomeCollectionViewCell.swift */,
				1248ED332AED311200777E98 /* HomePageLayout.swift */,
				125B445A2AE944F00047248D /* HomeVC.swift */,
				12F85D822AF9123500FB7CBD /* SectionHeaderView.swift */,
				123F4FD82AFA22B300E0C525 /* HomeVM.swift */,
			);
			path = HomePage;
			sourceTree = "<group>";
		};
		1248ED4B2AED51C700777E98 /* SignupPage */ = {
			isa = PBXGroup;
			children = (
				12F85D862AF9148000FB7CBD /* SignUpVM.swift */,
				1214274E2ADC25E700CA1D10 /* SignUpVC.swift */,
			);
			path = SignupPage;
			sourceTree = "<group>";
		};
		1248ED4C2AED51D300777E98 /* LoginPage */ = {
			isa = PBXGroup;
			children = (
				1255D8092ADAC7BD00FB6638 /* LoginVC.swift */,
				12F85D882AF9149E00FB7CBD /* LoginVM.swift */,
			);
			path = LoginPage;
			sourceTree = "<group>";
		};
		1255D7F92ADAC7BD00FB6638 = {
			isa = PBXGroup;
			children = (
				1255D84A2ADB155E00FB6638 /* Poppins */,
				1255D8042ADAC7BD00FB6638 /* Travio */,
				1255D8032ADAC7BD00FB6638 /* Products */,
			);
			sourceTree = "<group>";
		};
		1255D8032ADAC7BD00FB6638 /* Products */ = {
			isa = PBXGroup;
			children = (
				1255D8022ADAC7BD00FB6638 /* Travio.app */,
			);
			name = Products;
			sourceTree = "<group>";
		};
		1255D8042ADAC7BD00FB6638 /* Travio */ = {
			isa = PBXGroup;
			children = (
				1255D8052ADAC7BD00FB6638 /* AppDelegate.swift */,
				1255D8072ADAC7BD00FB6638 /* SceneDelegate.swift */,
				1248ED322AED310400777E98 /* Model */,
				125B445C2AE971580047248D /* Controllers */,
				1255D8192ADACC6400FB6638 /* Extensions.swift */,
				12E0A36A2B00E02B00F1F8D1 /* Helper */,
				12BA00C02AFFDCC80097275C /* CommonElement */,
				1255D80E2ADAC7BE00FB6638 /* Assets.xcassets */,
				1255D8102ADAC7BE00FB6638 /* LaunchScreen.storyboard */,
				1255D8132ADAC7BE00FB6638 /* Info.plist */,
			);
			path = Travio;
			sourceTree = "<group>";
		};
		1255D84A2ADB155E00FB6638 /* Poppins */ = {
			isa = PBXGroup;
			children = (
				1255D84B2ADB155E00FB6638 /* Poppins-ExtraLight.ttf */,
				1255D84C2ADB155E00FB6638 /* Poppins-ThinItalic.ttf */,
				1255D84D2ADB155E00FB6638 /* Poppins-ExtraLightItalic.ttf */,
				1255D84E2ADB155E00FB6638 /* Poppins-BoldItalic.ttf */,
				1255D84F2ADB155E00FB6638 /* Poppins-Light.ttf */,
				1255D8502ADB155E00FB6638 /* Poppins-Medium.ttf */,
				1255D8512ADB155E00FB6638 /* Poppins-SemiBoldItalic.ttf */,
				1255D8522ADB155E00FB6638 /* Poppins-ExtraBoldItalic.ttf */,
				1255D8532ADB155E00FB6638 /* Poppins-ExtraBold.ttf */,
				1255D8542ADB155E00FB6638 /* Poppins-BlackItalic.ttf */,
				1255D8552ADB155E00FB6638 /* OFL.txt */,
				1255D8562ADB155E00FB6638 /* Poppins-Regular.ttf */,
				1255D8572ADB155E00FB6638 /* Poppins-LightItalic.ttf */,
				1255D8582ADB155E00FB6638 /* Poppins-Bold.ttf */,
				1255D8592ADB155E00FB6638 /* Poppins-Black.ttf */,
				1255D85A2ADB155E00FB6638 /* Poppins-Thin.ttf */,
				1255D85B2ADB155E00FB6638 /* Poppins-SemiBold.ttf */,
				1255D85C2ADB155E00FB6638 /* Poppins-Italic.ttf */,
				1255D85D2ADB155E00FB6638 /* Poppins-MediumItalic.ttf */,
			);
			path = Poppins;
			sourceTree = "<group>";
		};
		125754322AFD6AC600AD003B /* AddNewPlacePage */ = {
			isa = PBXGroup;
			children = (
				125754352AFD7A9800AD003B /* AddNewPlaceVC.swift */,
				125754332AFD6AD800AD003B /* AddNewPlaceViewCell.swift */,
				125754392AFE2C8100AD003B /* AddPhotoViewCell.swift */,
				125754372AFD841D00AD003B /* AddNewPlaceLayout.swift */,
			);
			path = AddNewPlacePage;
			sourceTree = "<group>";
		};
		125B445C2AE971580047248D /* Controllers */ = {
			isa = PBXGroup;
			children = (
				12E0A36B2B00E06C00F1F8D1 /* MainTabbarVC */,
				12BA00C62AFFE1E40097275C /* AboutUs */,
				125754322AFD6AC600AD003B /* AddNewPlacePage */,
				127249D22AF2CDB600CEAA64 /* EditProfilePage */,
				12E1FD542AF3925900B89F81 /* HelpSupport */,
				1248ED4A2AED519D00777E98 /* HomePage */,
				1248ED4C2AED51D300777E98 /* LoginPage */,
				0F866E122AFA10C3000C784A /* MapPage */,
				127806212AF7E28E0085D31F /* MyAddedPlacesPage */,
				127806262AF7EC640085D31F /* MyVisitsPage */,
				12B02A7B2AF8105C0098DF1D /* PlaceDetailsPage */,
				12A0093F2AEFA56400D2AD14 /* GenericPlacesVC */,
				127249C12AF2280200CEAA64 /* SecuritySettingsPage */,
				12480C422AF0EBE400549C42 /* SettingsPage */,
				1248ED4B2AED51C700777E98 /* SignupPage */,
				12BA00C32AFFDE780097275C /* TermsOfUse */,
			);
			path = Controllers;
			sourceTree = "<group>";
		};
		127249C12AF2280200CEAA64 /* SecuritySettingsPage */ = {
			isa = PBXGroup;
			children = (
				127249C22AF2282200CEAA64 /* SecuritySettingsVC.swift */,
				127249C42AF2291600CEAA64 /* ChangePasswordCell.swift */,
				127249D02AF2BF4700CEAA64 /* PrivacyCell.swift */,
				0FB69B0A2B02081500F476B7 /* SecuritySettingsVM.swift */,
			);
			path = SecuritySettingsPage;
			sourceTree = "<group>";
		};
		127249D22AF2CDB600CEAA64 /* EditProfilePage */ = {
			isa = PBXGroup;
			children = (
				127249D32AF2CDC700CEAA64 /* EditProfileVC.swift */,
				12E0A3642B00357000F1F8D1 /* EditProfileVM.swift */,
				127249DB2AF3014500CEAA64 /* EditingProfileCell.swift */,
				12E1FD4F2AF38AAB00B89F81 /* TextFieldCell.swift */,
			);
			path = EditProfilePage;
			sourceTree = "<group>";
		};
		127806212AF7E28E0085D31F /* MyAddedPlacesPage */ = {
			isa = PBXGroup;
			children = (
				127806222AF7E2A30085D31F /* MyAddedPlacesVC.swift */,
				127806242AF7E3140085D31F /* MyAddedPlacesViewCell.swift */,
			);
			path = MyAddedPlacesPage;
			sourceTree = "<group>";
		};
		127806262AF7EC640085D31F /* MyVisitsPage */ = {
			isa = PBXGroup;
			children = (
				127806272AF7EC740085D31F /* MyVisitsVC.swift */,
				127806292AF7EC840085D31F /* MyVisitsViewCell.swift */,
			);
			path = MyVisitsPage;
			sourceTree = "<group>";
		};
		12A0093F2AEFA56400D2AD14 /* GenericPlacesVC */ = {
			isa = PBXGroup;
			children = (
				12A009402AEFA58500D2AD14 /* GenericPlacesVC.swift */,
				12A009422AEFA5A900D2AD14 /* GenericPlacesTableViewCell.swift */,
				122DB6892AFADD2C001CDE5A /* GenericPlacesVM.swift */,
			);
			path = GenericPlacesVC;
			sourceTree = "<group>";
		};
		12B02A7B2AF8105C0098DF1D /* PlaceDetailsPage */ = {
			isa = PBXGroup;
			children = (
				12B02A7C2AF8106F0098DF1D /* PlaceDetailsVC.swift */,
				12B02A7E2AF812010098DF1D /* PlaceTopView.swift */,
				120490762AFCD6020076A0AA /* PlaceBottomView.swift */,
				125754302AFD5DAD00AD003B /* PlaceDetailsLayout.swift */,
				12F5C1B72B021F37007FB53A /* PlaceDetailsVM.swift */,
			);
			path = PlaceDetailsPage;
			sourceTree = "<group>";
		};
		12BA00C02AFFDCC80097275C /* CommonElement */ = {
			isa = PBXGroup;
			children = (
				12BA00C12AFFDCDB0097275C /* CommonSetupBackView.swift */,
				12EAA9E72B001550006DCD42 /* CommonTextField.swift */,
			);
			path = CommonElement;
			sourceTree = "<group>";
		};
		12BA00C32AFFDE780097275C /* TermsOfUse */ = {
			isa = PBXGroup;
			children = (
				12BA00C42AFFDE880097275C /* TermsOfUseVC.swift */,
			);
			path = TermsOfUse;
			sourceTree = "<group>";
		};
		12BA00C62AFFE1E40097275C /* AboutUs */ = {
			isa = PBXGroup;
			children = (
				12BA00C72AFFE2020097275C /* AboutUsVC.swift */,
			);
			path = AboutUs;
			sourceTree = "<group>";
		};
		12E0A36A2B00E02B00F1F8D1 /* Helper */ = {
			isa = PBXGroup;
			children = (
				0FC28E352AE92C9F005387E9 /* Router.swift */,
				0F34F45E2AEA580A007189BE /* NetworkingHelper.swift */,
				12E0A3682B00D8E000F1F8D1 /* AccessManager.swift */,
			);
			path = Helper;
			sourceTree = "<group>";
		};
		12E0A36B2B00E06C00F1F8D1 /* MainTabbarVC */ = {
			isa = PBXGroup;
			children = (
				0FC9671C2AEA4B5D009FB26B /* MainTabbarVC.swift */,
			);
			path = MainTabbarVC;
			sourceTree = "<group>";
		};
		12E1FD542AF3925900B89F81 /* HelpSupport */ = {
			isa = PBXGroup;
			children = (
				12BA00BE2AFF99820097275C /* HelpSupportTableVC.swift */,
				12BA00BC2AFF99710097275C /* HelpSupportTableCell.swift */,
				1278061F2AF7CC260085D31F /* HelpSupportModel.swift */,
			);
			name = HelpSupport;
			sourceTree = "<group>";
		};
		FF0B44B22AF2A71300586EA7 /* GetPlaceByIdModels */ = {
			isa = PBXGroup;
			children = (
				FF0B44B32AF2A74800586EA7 /* GetPlaceByIdResponseModel.swift */,
			);
			path = GetPlaceByIdModels;
			sourceTree = "<group>";
		};
		FF0B44B72AF2AD2C00586EA7 /* GetAllPlacesForUserModels */ = {
			isa = PBXGroup;
			children = (
				FF0B44B82AF2AD6A00586EA7 /* GetAllPlacesForUserResponseModel.swift */,
			);
			path = GetAllPlacesForUserModels;
			sourceTree = "<group>";
		};
		FF0B44BA2AF2AF6000586EA7 /* GetPopularPlacesModels */ = {
			isa = PBXGroup;
			children = (
				FF0B44BB2AF2AFE600586EA7 /* GetPopularPlacesResponseModel.swift */,
			);
			path = GetPopularPlacesModels;
			sourceTree = "<group>";
		};
		FF0B44BD2AF2B21100586EA7 /* GetLastPlacesModels */ = {
			isa = PBXGroup;
			children = (
				FF0B44BE2AF2B24100586EA7 /* GetLastPlacesResponseModel.swift */,
			);
			path = GetLastPlacesModels;
			sourceTree = "<group>";
		};
		FF9BD54F2AF2F00C0072BBA0 /* GalleryModels */ = {
			isa = PBXGroup;
			children = (
				FF9BD5582AF2F20E0072BBA0 /* GetAllGalleryByPlaceIdModels */,
				FF9BD5552AF2F16F0072BBA0 /* DeleteGalleryImageModels */,
				FF9BD5502AF2F02B0072BBA0 /* PostGalleryImageModels */,
				FF9BD5592AF2F2960072BBA0 /* ImageModel.swift */,
			);
			path = GalleryModels;
			sourceTree = "<group>";
		};
		FF9BD5502AF2F02B0072BBA0 /* PostGalleryImageModels */ = {
			isa = PBXGroup;
			children = (
				FF9BD5512AF2F0E00072BBA0 /* PostGalleryImageRequestModel.swift */,
				FF9BD5532AF2F1250072BBA0 /* PostGalleryImageResponseModel.swift */,
			);
			path = PostGalleryImageModels;
			sourceTree = "<group>";
		};
		FF9BD5552AF2F16F0072BBA0 /* DeleteGalleryImageModels */ = {
			isa = PBXGroup;
			children = (
				FF9BD5562AF2F19A0072BBA0 /* DeleteGalleryImageResponseModel.swift */,
			);
			path = DeleteGalleryImageModels;
			sourceTree = "<group>";
		};
		FF9BD5582AF2F20E0072BBA0 /* GetAllGalleryByPlaceIdModels */ = {
			isa = PBXGroup;
			children = (
				FF9BD55B2AF2F3800072BBA0 /* GetAllGalleryByPlaceIdResponseModel.swift */,
			);
			path = GetAllGalleryByPlaceIdModels;
			sourceTree = "<group>";
		};
		FF9BD55D2AF2F3F70072BBA0 /* VisitModels */ = {
			isa = PBXGroup;
			children = (
				FF9BD56E2AF2F9E70072BBA0 /* CheckVisitByPlaceIdModels */,
				FF9BD56B2AF2F8F60072BBA0 /* DeleteVisitByPlaceIdModels */,
				FF9BD5682AF2F7DE0072BBA0 /* GetVisitByIdModels */,
				FF9BD5632AF2F5720072BBA0 /* GetAllVisitsModels */,
				FF9BD55E2AF2F4180072BBA0 /* PostVisitModels */,
				FF9BD5642AF2F5FF0072BBA0 /* VisitModel.swift */,
			);
			path = VisitModels;
			sourceTree = "<group>";
		};
		FF9BD55E2AF2F4180072BBA0 /* PostVisitModels */ = {
			isa = PBXGroup;
			children = (
				FF9BD55F2AF2F4840072BBA0 /* PostVisitResponseModel.swift */,
				FF9BD5612AF2F5210072BBA0 /* PostVisitRequestModel.swift */,
			);
			path = PostVisitModels;
			sourceTree = "<group>";
		};
		FF9BD5632AF2F5720072BBA0 /* GetAllVisitsModels */ = {
			isa = PBXGroup;
			children = (
				FF9BD5662AF2F6BA0072BBA0 /* GetAllVisitsResponseModel.swift */,
			);
			path = GetAllVisitsModels;
			sourceTree = "<group>";
		};
		FF9BD5682AF2F7DE0072BBA0 /* GetVisitByIdModels */ = {
			isa = PBXGroup;
			children = (
				FF9BD5692AF2F86B0072BBA0 /* GetVisitByIdResponseModel.swift */,
			);
			path = GetVisitByIdModels;
			sourceTree = "<group>";
		};
		FF9BD56B2AF2F8F60072BBA0 /* DeleteVisitByPlaceIdModels */ = {
			isa = PBXGroup;
			children = (
				FF9BD56C2AF2F92D0072BBA0 /* DeleteVisitByPlaceIdResponseModel.swift */,
			);
			path = DeleteVisitByPlaceIdModels;
			sourceTree = "<group>";
		};
		FF9BD56E2AF2F9E70072BBA0 /* CheckVisitByPlaceIdModels */ = {
			isa = PBXGroup;
			children = (
				FF9BD56F2AF2FA2A0072BBA0 /* CheckVisitByPlaceIdResponseModel.swift */,
			);
			path = CheckVisitByPlaceIdModels;
			sourceTree = "<group>";
		};
/* End PBXGroup section */

/* Begin PBXNativeTarget section */
		1255D8012ADAC7BD00FB6638 /* Travio */ = {
			isa = PBXNativeTarget;
			buildConfigurationList = 1255D8162ADAC7BE00FB6638 /* Build configuration list for PBXNativeTarget "Travio" */;
			buildPhases = (
				1255D7FE2ADAC7BD00FB6638 /* Sources */,
				1255D7FF2ADAC7BD00FB6638 /* Frameworks */,
				1255D8002ADAC7BD00FB6638 /* Resources */,
			);
			buildRules = (
			);
			dependencies = (
			);
			name = Travio;
			packageProductDependencies = (
				1255D81C2ADACD7500FB6638 /* SnapKit */,
				0FC28E382AE92E56005387E9 /* Alamofire */,
				12B3630C2AFC15CA00B84AEF /* Kingfisher */,
				12E0A3732B01101F00F1F8D1 /* IQKeyboardManagerSwift */,
			);
			productName = Travio;
			productReference = 1255D8022ADAC7BD00FB6638 /* Travio.app */;
			productType = "com.apple.product-type.application";
		};
/* End PBXNativeTarget section */

/* Begin PBXProject section */
		1255D7FA2ADAC7BD00FB6638 /* Project object */ = {
			isa = PBXProject;
			attributes = {
				BuildIndependentTargetsInParallel = 1;
				LastSwiftUpdateCheck = 1500;
				LastUpgradeCheck = 1500;
				TargetAttributes = {
					1255D8012ADAC7BD00FB6638 = {
						CreatedOnToolsVersion = 15.0;
					};
				};
			};
			buildConfigurationList = 1255D7FD2ADAC7BD00FB6638 /* Build configuration list for PBXProject "Travio" */;
			compatibilityVersion = "Xcode 14.0";
			developmentRegion = en;
			hasScannedForEncodings = 0;
			knownRegions = (
				en,
				Base,
			);
			mainGroup = 1255D7F92ADAC7BD00FB6638;
			packageReferences = (
				1255D81B2ADACD7500FB6638 /* XCRemoteSwiftPackageReference "SnapKit" */,
				1255D81E2ADACF2900FB6638 /* XCRemoteSwiftPackageReference "TinyConstraints" */,
				0FC28E372AE92E56005387E9 /* XCRemoteSwiftPackageReference "Alamofire" */,
				12B3630B2AFC15CA00B84AEF /* XCRemoteSwiftPackageReference "Kingfisher" */,
				12E0A3722B01101F00F1F8D1 /* XCRemoteSwiftPackageReference "IQKeyboardManager" */,
			);
			productRefGroup = 1255D8032ADAC7BD00FB6638 /* Products */;
			projectDirPath = "";
			projectRoot = "";
			targets = (
				1255D8012ADAC7BD00FB6638 /* Travio */,
			);
		};
/* End PBXProject section */

/* Begin PBXResourcesBuildPhase section */
		1255D8002ADAC7BD00FB6638 /* Resources */ = {
			isa = PBXResourcesBuildPhase;
			buildActionMask = 2147483647;
			files = (
				1255D8622ADB155E00FB6638 /* Poppins-Light.ttf in Resources */,
				1255D86C2ADB155E00FB6638 /* Poppins-Black.ttf in Resources */,
				1255D86A2ADB155E00FB6638 /* Poppins-LightItalic.ttf in Resources */,
				1255D86D2ADB155E00FB6638 /* Poppins-Thin.ttf in Resources */,
				1255D85E2ADB155E00FB6638 /* Poppins-ExtraLight.ttf in Resources */,
				1255D86E2ADB155E00FB6638 /* Poppins-SemiBold.ttf in Resources */,
				1255D86B2ADB155E00FB6638 /* Poppins-Bold.ttf in Resources */,
				1255D85F2ADB155E00FB6638 /* Poppins-ThinItalic.ttf in Resources */,
				1255D8602ADB155E00FB6638 /* Poppins-ExtraLightItalic.ttf in Resources */,
				1255D8672ADB155E00FB6638 /* Poppins-BlackItalic.ttf in Resources */,
				1255D8652ADB155E00FB6638 /* Poppins-ExtraBoldItalic.ttf in Resources */,
				1255D8612ADB155E00FB6638 /* Poppins-BoldItalic.ttf in Resources */,
				1255D8642ADB155E00FB6638 /* Poppins-SemiBoldItalic.ttf in Resources */,
				1255D8682ADB155E00FB6638 /* OFL.txt in Resources */,
				1255D8692ADB155E00FB6638 /* Poppins-Regular.ttf in Resources */,
				1255D8662ADB155E00FB6638 /* Poppins-ExtraBold.ttf in Resources */,
				1255D8632ADB155E00FB6638 /* Poppins-Medium.ttf in Resources */,
				1255D8122ADAC7BE00FB6638 /* LaunchScreen.storyboard in Resources */,
				1255D86F2ADB155E00FB6638 /* Poppins-Italic.ttf in Resources */,
				1255D8702ADB155E00FB6638 /* Poppins-MediumItalic.ttf in Resources */,
				1255D80F2ADAC7BE00FB6638 /* Assets.xcassets in Resources */,
			);
			runOnlyForDeploymentPostprocessing = 0;
		};
/* End PBXResourcesBuildPhase section */

/* Begin PBXSourcesBuildPhase section */
		1255D7FE2ADAC7BD00FB6638 /* Sources */ = {
			isa = PBXSourcesBuildPhase;
			buildActionMask = 2147483647;
			files = (
				0FB84E122AF289160071A559 /* GetAllPlacesResponseModel.swift in Sources */,
				1255D80A2ADAC7BD00FB6638 /* LoginVC.swift in Sources */,
				0FB84E0D2AF288180071A559 /* DeletePlaceResposeModel.swift in Sources */,
				127806202AF7CC260085D31F /* HelpSupportModel.swift in Sources */,
				125B445B2AE944F00047248D /* HomeVC.swift in Sources */,
				12B02A7D2AF8106F0098DF1D /* PlaceDetailsVC.swift in Sources */,
				1255D8062ADAC7BD00FB6638 /* AppDelegate.swift in Sources */,
				12A009412AEFA58500D2AD14 /* GenericPlacesVC.swift in Sources */,
				0F866E182AFA3107000C784A /* MapViewCell.swift in Sources */,
				0F6E23272AF2343200F843C6 /* RegisterRequestModel.swift in Sources */,
				12EAA9E82B001550006DCD42 /* CommonTextField.swift in Sources */,
				FF0B44B42AF2A74800586EA7 /* GetPlaceByIdResponseModel.swift in Sources */,
				0F5CB31B2AF26C6700B9F13F /* UploadResponseModel.swift in Sources */,
				0FC9671D2AEA4B5D009FB26B /* MainTabbarVC.swift in Sources */,
				12E0A3692B00D8E000F1F8D1 /* AccessManager.swift in Sources */,
				12F85D872AF9148000FB7CBD /* SignUpVM.swift in Sources */,
				127249C32AF2282200CEAA64 /* SecuritySettingsVC.swift in Sources */,
				127249D12AF2BF4700CEAA64 /* PrivacyCell.swift in Sources */,
				FF9BD56D2AF2F92D0072BBA0 /* DeleteVisitByPlaceIdResponseModel.swift in Sources */,
				FF0B44BF2AF2B24100586EA7 /* GetLastPlacesResponseModel.swift in Sources */,
				12E1FD502AF38AAB00B89F81 /* TextFieldCell.swift in Sources */,
				0F34F45F2AEA580A007189BE /* NetworkingHelper.swift in Sources */,
				FF9BD5602AF2F4840072BBA0 /* PostVisitResponseModel.swift in Sources */,
				122DB68A2AFADD2C001CDE5A /* GenericPlacesVM.swift in Sources */,
				0F5CB3212AF2785800B9F13F /* EditProfileResponseModel.swift in Sources */,
				FF9BD55A2AF2F2960072BBA0 /* ImageModel.swift in Sources */,
				127806252AF7E3140085D31F /* MyAddedPlacesViewCell.swift in Sources */,
				127249DC2AF3014500CEAA64 /* EditingProfileCell.swift in Sources */,
				0FC28E362AE92C9F005387E9 /* Router.swift in Sources */,
				12B02A7F2AF812010098DF1D /* PlaceTopView.swift in Sources */,
				FF9BD56A2AF2F86B0072BBA0 /* GetVisitByIdResponseModel.swift in Sources */,
				120490772AFCD6020076A0AA /* PlaceBottomView.swift in Sources */,
				0FB84E052AF286CC0071A559 /* PostPlaceResponseModel.swift in Sources */,
				12F5C1B82B021F37007FB53A /* PlaceDetailsVM.swift in Sources */,
				FF0B44BC2AF2AFE600586EA7 /* GetPopularPlacesResponseModel.swift in Sources */,
				0FB84E082AF287840071A559 /* UpdatePlaceRequestModel.swift in Sources */,
				125754362AFD7A9800AD003B /* AddNewPlaceVC.swift in Sources */,
				1278062A2AF7EC840085D31F /* MyVisitsViewCell.swift in Sources */,
				127806232AF7E2A30085D31F /* MyAddedPlacesVC.swift in Sources */,
				12BA00BD2AFF99710097275C /* HelpSupportTableCell.swift in Sources */,
				1255D8082ADAC7BD00FB6638 /* SceneDelegate.swift in Sources */,
				123F4FD92AFA22B300E0C525 /* HomeVM.swift in Sources */,
				1214274F2ADC25E700CA1D10 /* SignUpVC.swift in Sources */,
				127249C52AF2291600CEAA64 /* ChangePasswordCell.swift in Sources */,
				0FB69B0B2B02081500F476B7 /* SecuritySettingsVM.swift in Sources */,
				125754382AFD841D00AD003B /* AddNewPlaceLayout.swift in Sources */,
				0F6E232D2AF2373C00F843C6 /* LoginResponseModel.swift in Sources */,
				FF9BD5702AF2FA2A0072BBA0 /* CheckVisitByPlaceIdResponseModel.swift in Sources */,
				0F5CB31D2AF2755000B9F13F /* ProfileResponseModel.swift in Sources */,
				1248ED3B2AED352700777E98 /* HomeCollectionViewCell.swift in Sources */,
				127806282AF7EC740085D31F /* MyVisitsVC.swift in Sources */,
				1255D81A2ADACC6400FB6638 /* Extensions.swift in Sources */,
				12480C442AF0EC0B00549C42 /* SettingsCollectionViewCell.swift in Sources */,
				0F6E23292AF235D400F843C6 /* RegisterResponseModel.swift in Sources */,
				0F5CB31F2AF277C900B9F13F /* EditProfileRequestModel.swift in Sources */,
				12B3630A2AFC002C00B84AEF /* MapVM.swift in Sources */,
				FF9BD5672AF2F6BA0072BBA0 /* GetAllVisitsResponseModel.swift in Sources */,
				0F866E142AFA136F000C784A /* MapAnnotation.swift in Sources */,
				12F85D892AF9149E00FB7CBD /* LoginVM.swift in Sources */,
				0F6E232B2AF236B800F843C6 /* LoginRequestModel.swift in Sources */,
				0F5CB3252AF2797E00B9F13F /* ChangePasswordResponseModel.swift in Sources */,
				0F5CB3152AF2681D00B9F13F /* RefreshRequestModel.swift in Sources */,
				12E0A3652B00357000F1F8D1 /* EditProfileVM.swift in Sources */,
				FF9BD5522AF2F0E00072BBA0 /* PostGalleryImageRequestModel.swift in Sources */,
				FF9BD5652AF2F5FF0072BBA0 /* VisitModel.swift in Sources */,
				12BA00C22AFFDCDB0097275C /* CommonSetupBackView.swift in Sources */,
				129A8B022AFC2A020073CE6E /* MapPageLayout.swift in Sources */,
				FF0B44B92AF2AD6A00586EA7 /* GetAllPlacesForUserResponseModel.swift in Sources */,
				0FB84E032AF285080071A559 /* PostPlaceRequestModel.swift in Sources */,
				FF9BD5622AF2F5210072BBA0 /* PostVisitRequestModel.swift in Sources */,
				129A8B002AFC18070073CE6E /* MapVC.swift in Sources */,
				12A009432AEFA5A900D2AD14 /* GenericPlacesTableViewCell.swift in Sources */,
				122DB68C2AFAE01B001CDE5A /* PlacesModel.swift in Sources */,
				12F85D8B2AF915C200FB7CBD /* SettingsVC.swift in Sources */,
				127249D42AF2CDC700CEAA64 /* EditProfileVC.swift in Sources */,
				1248ED342AED311200777E98 /* HomePageLayout.swift in Sources */,
				FF9BD5572AF2F19A0072BBA0 /* DeleteGalleryImageResponseModel.swift in Sources */,
				1257543A2AFE2C8100AD003B /* AddPhotoViewCell.swift in Sources */,
				0F5CB3232AF2792200B9F13F /* ChangePasswordRequestModel.swift in Sources */,
				FF9BD55C2AF2F3800072BBA0 /* GetAllGalleryByPlaceIdResponseModel.swift in Sources */,
				12BA00C52AFFDE880097275C /* TermsOfUseVC.swift in Sources */,
				12F85D832AF9123500FB7CBD /* SectionHeaderView.swift in Sources */,
				FF0B44B62AF2AAAB00586EA7 /* Place.swift in Sources */,
				FF0B44B62AF2AAAB00586EA7 /* Place.swift in Sources */,
				12BA00C82AFFE2020097275C /* AboutUsVC.swift in Sources */,
				125754342AFD6AD800AD003B /* AddNewPlaceViewCell.swift in Sources */,
				FF0B44B62AF2AAAB00586EA7 /* Place.swift in Sources */,
				0FB84E0A2AF287BA0071A559 /* UpdatePlaceResponseModel.swift in Sources */,
				12BA00BF2AFF99820097275C /* HelpSupportTableVC.swift in Sources */,
				0F5CB3192AF2697C00B9F13F /* RefreshResponseModel.swift in Sources */,
				FF9BD5542AF2F1250072BBA0 /* PostGalleryImageResponseModel.swift in Sources */,
				125754312AFD5DAD00AD003B /* PlaceDetailsLayout.swift in Sources */,
			);
			runOnlyForDeploymentPostprocessing = 0;
		};
/* End PBXSourcesBuildPhase section */

/* Begin PBXVariantGroup section */
		1255D8102ADAC7BE00FB6638 /* LaunchScreen.storyboard */ = {
			isa = PBXVariantGroup;
			children = (
				1255D8112ADAC7BE00FB6638 /* Base */,
			);
			name = LaunchScreen.storyboard;
			sourceTree = "<group>";
		};
/* End PBXVariantGroup section */

/* Begin XCBuildConfiguration section */
		1255D8142ADAC7BE00FB6638 /* Debug */ = {
			isa = XCBuildConfiguration;
			buildSettings = {
				ALWAYS_SEARCH_USER_PATHS = NO;
				ASSETCATALOG_COMPILER_GENERATE_SWIFT_ASSET_SYMBOL_EXTENSIONS = YES;
				CLANG_ANALYZER_NONNULL = YES;
				CLANG_ANALYZER_NUMBER_OBJECT_CONVERSION = YES_AGGRESSIVE;
				CLANG_CXX_LANGUAGE_STANDARD = "gnu++20";
				CLANG_ENABLE_MODULES = YES;
				CLANG_ENABLE_OBJC_ARC = YES;
				CLANG_ENABLE_OBJC_WEAK = YES;
				CLANG_WARN_BLOCK_CAPTURE_AUTORELEASING = YES;
				CLANG_WARN_BOOL_CONVERSION = YES;
				CLANG_WARN_COMMA = YES;
				CLANG_WARN_CONSTANT_CONVERSION = YES;
				CLANG_WARN_DEPRECATED_OBJC_IMPLEMENTATIONS = YES;
				CLANG_WARN_DIRECT_OBJC_ISA_USAGE = YES_ERROR;
				CLANG_WARN_DOCUMENTATION_COMMENTS = YES;
				CLANG_WARN_EMPTY_BODY = YES;
				CLANG_WARN_ENUM_CONVERSION = YES;
				CLANG_WARN_INFINITE_RECURSION = YES;
				CLANG_WARN_INT_CONVERSION = YES;
				CLANG_WARN_NON_LITERAL_NULL_CONVERSION = YES;
				CLANG_WARN_OBJC_IMPLICIT_RETAIN_SELF = YES;
				CLANG_WARN_OBJC_LITERAL_CONVERSION = YES;
				CLANG_WARN_OBJC_ROOT_CLASS = YES_ERROR;
				CLANG_WARN_QUOTED_INCLUDE_IN_FRAMEWORK_HEADER = YES;
				CLANG_WARN_RANGE_LOOP_ANALYSIS = YES;
				CLANG_WARN_STRICT_PROTOTYPES = YES;
				CLANG_WARN_SUSPICIOUS_MOVE = YES;
				CLANG_WARN_UNGUARDED_AVAILABILITY = YES_AGGRESSIVE;
				CLANG_WARN_UNREACHABLE_CODE = YES;
				CLANG_WARN__DUPLICATE_METHOD_MATCH = YES;
				COPY_PHASE_STRIP = NO;
				DEBUG_INFORMATION_FORMAT = dwarf;
				ENABLE_STRICT_OBJC_MSGSEND = YES;
				ENABLE_TESTABILITY = YES;
				ENABLE_USER_SCRIPT_SANDBOXING = YES;
				GCC_C_LANGUAGE_STANDARD = gnu17;
				GCC_DYNAMIC_NO_PIC = NO;
				GCC_NO_COMMON_BLOCKS = YES;
				GCC_OPTIMIZATION_LEVEL = 0;
				GCC_PREPROCESSOR_DEFINITIONS = (
					"DEBUG=1",
					"$(inherited)",
				);
				GCC_WARN_64_TO_32_BIT_CONVERSION = YES;
				GCC_WARN_ABOUT_RETURN_TYPE = YES_ERROR;
				GCC_WARN_UNDECLARED_SELECTOR = YES;
				GCC_WARN_UNINITIALIZED_AUTOS = YES_AGGRESSIVE;
				GCC_WARN_UNUSED_FUNCTION = YES;
				GCC_WARN_UNUSED_VARIABLE = YES;
				IPHONEOS_DEPLOYMENT_TARGET = 14.0;
				LOCALIZATION_PREFERS_STRING_CATALOGS = YES;
				MTL_ENABLE_DEBUG_INFO = INCLUDE_SOURCE;
				MTL_FAST_MATH = YES;
				ONLY_ACTIVE_ARCH = YES;
				SDKROOT = iphoneos;
				SWIFT_ACTIVE_COMPILATION_CONDITIONS = "DEBUG $(inherited)";
				SWIFT_OPTIMIZATION_LEVEL = "-Onone";
			};
			name = Debug;
		};
		1255D8152ADAC7BE00FB6638 /* Release */ = {
			isa = XCBuildConfiguration;
			buildSettings = {
				ALWAYS_SEARCH_USER_PATHS = NO;
				ASSETCATALOG_COMPILER_GENERATE_SWIFT_ASSET_SYMBOL_EXTENSIONS = YES;
				CLANG_ANALYZER_NONNULL = YES;
				CLANG_ANALYZER_NUMBER_OBJECT_CONVERSION = YES_AGGRESSIVE;
				CLANG_CXX_LANGUAGE_STANDARD = "gnu++20";
				CLANG_ENABLE_MODULES = YES;
				CLANG_ENABLE_OBJC_ARC = YES;
				CLANG_ENABLE_OBJC_WEAK = YES;
				CLANG_WARN_BLOCK_CAPTURE_AUTORELEASING = YES;
				CLANG_WARN_BOOL_CONVERSION = YES;
				CLANG_WARN_COMMA = YES;
				CLANG_WARN_CONSTANT_CONVERSION = YES;
				CLANG_WARN_DEPRECATED_OBJC_IMPLEMENTATIONS = YES;
				CLANG_WARN_DIRECT_OBJC_ISA_USAGE = YES_ERROR;
				CLANG_WARN_DOCUMENTATION_COMMENTS = YES;
				CLANG_WARN_EMPTY_BODY = YES;
				CLANG_WARN_ENUM_CONVERSION = YES;
				CLANG_WARN_INFINITE_RECURSION = YES;
				CLANG_WARN_INT_CONVERSION = YES;
				CLANG_WARN_NON_LITERAL_NULL_CONVERSION = YES;
				CLANG_WARN_OBJC_IMPLICIT_RETAIN_SELF = YES;
				CLANG_WARN_OBJC_LITERAL_CONVERSION = YES;
				CLANG_WARN_OBJC_ROOT_CLASS = YES_ERROR;
				CLANG_WARN_QUOTED_INCLUDE_IN_FRAMEWORK_HEADER = YES;
				CLANG_WARN_RANGE_LOOP_ANALYSIS = YES;
				CLANG_WARN_STRICT_PROTOTYPES = YES;
				CLANG_WARN_SUSPICIOUS_MOVE = YES;
				CLANG_WARN_UNGUARDED_AVAILABILITY = YES_AGGRESSIVE;
				CLANG_WARN_UNREACHABLE_CODE = YES;
				CLANG_WARN__DUPLICATE_METHOD_MATCH = YES;
				COPY_PHASE_STRIP = NO;
				DEBUG_INFORMATION_FORMAT = "dwarf-with-dsym";
				ENABLE_NS_ASSERTIONS = NO;
				ENABLE_STRICT_OBJC_MSGSEND = YES;
				ENABLE_USER_SCRIPT_SANDBOXING = YES;
				GCC_C_LANGUAGE_STANDARD = gnu17;
				GCC_NO_COMMON_BLOCKS = YES;
				GCC_WARN_64_TO_32_BIT_CONVERSION = YES;
				GCC_WARN_ABOUT_RETURN_TYPE = YES_ERROR;
				GCC_WARN_UNDECLARED_SELECTOR = YES;
				GCC_WARN_UNINITIALIZED_AUTOS = YES_AGGRESSIVE;
				GCC_WARN_UNUSED_FUNCTION = YES;
				GCC_WARN_UNUSED_VARIABLE = YES;
				IPHONEOS_DEPLOYMENT_TARGET = 16.0;
				LOCALIZATION_PREFERS_STRING_CATALOGS = YES;
				MTL_ENABLE_DEBUG_INFO = NO;
				MTL_FAST_MATH = YES;
				SDKROOT = iphoneos;
				SWIFT_COMPILATION_MODE = wholemodule;
				VALIDATE_PRODUCT = YES;
			};
			name = Release;
		};
		1255D8172ADAC7BE00FB6638 /* Debug */ = {
			isa = XCBuildConfiguration;
			buildSettings = {
				ASSETCATALOG_COMPILER_APPICON_NAME = AppIcon;
				ASSETCATALOG_COMPILER_GLOBAL_ACCENT_COLOR_NAME = AccentColor;
				CODE_SIGN_STYLE = Automatic;
				CURRENT_PROJECT_VERSION = 1;
				DEVELOPMENT_TEAM = K97JL7U478;
				GENERATE_INFOPLIST_FILE = YES;
				INFOPLIST_FILE = Travio/Info.plist;
				INFOPLIST_KEY_CFBundleDisplayName = "";
				INFOPLIST_KEY_LSApplicationCategoryType = "";
				INFOPLIST_KEY_NSLocationAlwaysUsageDescription = "Near me requires location so it can offer nearby points of interests.";
				INFOPLIST_KEY_NSLocationWhenInUseUsageDescription = "Near me requires location so it can offer nearby points of interests.";
				INFOPLIST_KEY_UIApplicationSupportsIndirectInputEvents = YES;
				INFOPLIST_KEY_UILaunchStoryboardName = LaunchScreen.storyboard;
				INFOPLIST_KEY_UISupportedInterfaceOrientations = UIInterfaceOrientationPortrait;
				IPHONEOS_DEPLOYMENT_TARGET = 16.0;
				LD_RUNPATH_SEARCH_PATHS = (
					"$(inherited)",
					"@executable_path/Frameworks",
				);
				MARKETING_VERSION = 1.0;
				PRODUCT_BUNDLE_IDENTIFIER = com.oguzhanbolat.Travio;
				PRODUCT_NAME = "$(TARGET_NAME)";
				SUPPORTED_PLATFORMS = "iphoneos iphonesimulator";
				SUPPORTS_MACCATALYST = NO;
				SUPPORTS_MAC_DESIGNED_FOR_IPHONE_IPAD = NO;
				SWIFT_EMIT_LOC_STRINGS = YES;
				SWIFT_VERSION = 5.0;
				TARGETED_DEVICE_FAMILY = 1;
			};
			name = Debug;
		};
		1255D8182ADAC7BE00FB6638 /* Release */ = {
			isa = XCBuildConfiguration;
			buildSettings = {
				ASSETCATALOG_COMPILER_APPICON_NAME = AppIcon;
				ASSETCATALOG_COMPILER_GLOBAL_ACCENT_COLOR_NAME = AccentColor;
				CODE_SIGN_STYLE = Automatic;
				CURRENT_PROJECT_VERSION = 1;
				DEVELOPMENT_TEAM = K97JL7U478;
				GENERATE_INFOPLIST_FILE = YES;
				INFOPLIST_FILE = Travio/Info.plist;
				INFOPLIST_KEY_CFBundleDisplayName = "";
				INFOPLIST_KEY_LSApplicationCategoryType = "";
				INFOPLIST_KEY_NSLocationAlwaysUsageDescription = "Near me requires location so it can offer nearby points of interests.";
				INFOPLIST_KEY_NSLocationWhenInUseUsageDescription = "Near me requires location so it can offer nearby points of interests.";
				INFOPLIST_KEY_UIApplicationSupportsIndirectInputEvents = YES;
				INFOPLIST_KEY_UILaunchStoryboardName = LaunchScreen.storyboard;
				INFOPLIST_KEY_UISupportedInterfaceOrientations = UIInterfaceOrientationPortrait;
				IPHONEOS_DEPLOYMENT_TARGET = 16.0;
				LD_RUNPATH_SEARCH_PATHS = (
					"$(inherited)",
					"@executable_path/Frameworks",
				);
				MARKETING_VERSION = 1.0;
				PRODUCT_BUNDLE_IDENTIFIER = com.oguzhanbolat.Travio;
				PRODUCT_NAME = "$(TARGET_NAME)";
				SUPPORTED_PLATFORMS = "iphoneos iphonesimulator";
				SUPPORTS_MACCATALYST = NO;
				SUPPORTS_MAC_DESIGNED_FOR_IPHONE_IPAD = NO;
				SWIFT_EMIT_LOC_STRINGS = YES;
				SWIFT_VERSION = 5.0;
				TARGETED_DEVICE_FAMILY = 1;
			};
			name = Release;
		};
/* End XCBuildConfiguration section */

/* Begin XCConfigurationList section */
		1255D7FD2ADAC7BD00FB6638 /* Build configuration list for PBXProject "Travio" */ = {
			isa = XCConfigurationList;
			buildConfigurations = (
				1255D8142ADAC7BE00FB6638 /* Debug */,
				1255D8152ADAC7BE00FB6638 /* Release */,
			);
			defaultConfigurationIsVisible = 0;
			defaultConfigurationName = Release;
		};
		1255D8162ADAC7BE00FB6638 /* Build configuration list for PBXNativeTarget "Travio" */ = {
			isa = XCConfigurationList;
			buildConfigurations = (
				1255D8172ADAC7BE00FB6638 /* Debug */,
				1255D8182ADAC7BE00FB6638 /* Release */,
			);
			defaultConfigurationIsVisible = 0;
			defaultConfigurationName = Release;
		};
/* End XCConfigurationList section */

/* Begin XCRemoteSwiftPackageReference section */
		0FC28E372AE92E56005387E9 /* XCRemoteSwiftPackageReference "Alamofire" */ = {
			isa = XCRemoteSwiftPackageReference;
			repositoryURL = "https://github.com/Alamofire/Alamofire.git";
			requirement = {
				kind = upToNextMajorVersion;
				minimumVersion = 5.0.0;
			};
		};
		1255D81B2ADACD7500FB6638 /* XCRemoteSwiftPackageReference "SnapKit" */ = {
			isa = XCRemoteSwiftPackageReference;
			repositoryURL = "https://github.com/SnapKit/SnapKit";
			requirement = {
				kind = upToNextMajorVersion;
				minimumVersion = 5.6.0;
			};
		};
		1255D81E2ADACF2900FB6638 /* XCRemoteSwiftPackageReference "TinyConstraints" */ = {
			isa = XCRemoteSwiftPackageReference;
			repositoryURL = "https://github.com/roberthein/TinyConstraints";
			requirement = {
				kind = upToNextMajorVersion;
				minimumVersion = 4.0.2;
			};
		};
		12B3630B2AFC15CA00B84AEF /* XCRemoteSwiftPackageReference "Kingfisher" */ = {
			isa = XCRemoteSwiftPackageReference;
			repositoryURL = "https://github.com/onevcat/Kingfisher";
			requirement = {
				kind = upToNextMajorVersion;
				minimumVersion = 7.10.0;
			};
		};
		12E0A3722B01101F00F1F8D1 /* XCRemoteSwiftPackageReference "IQKeyboardManager" */ = {
			isa = XCRemoteSwiftPackageReference;
			repositoryURL = "https://github.com/hackiftekhar/IQKeyboardManager";
			requirement = {
				kind = upToNextMajorVersion;
				minimumVersion = 6.5.16;
			};
		};
/* End XCRemoteSwiftPackageReference section */

/* Begin XCSwiftPackageProductDependency section */
		0FC28E382AE92E56005387E9 /* Alamofire */ = {
			isa = XCSwiftPackageProductDependency;
			package = 0FC28E372AE92E56005387E9 /* XCRemoteSwiftPackageReference "Alamofire" */;
			productName = Alamofire;
		};
		1255D81C2ADACD7500FB6638 /* SnapKit */ = {
			isa = XCSwiftPackageProductDependency;
			package = 1255D81B2ADACD7500FB6638 /* XCRemoteSwiftPackageReference "SnapKit" */;
			productName = SnapKit;
		};
		12B3630C2AFC15CA00B84AEF /* Kingfisher */ = {
			isa = XCSwiftPackageProductDependency;
			package = 12B3630B2AFC15CA00B84AEF /* XCRemoteSwiftPackageReference "Kingfisher" */;
			productName = Kingfisher;
		};
		12E0A3732B01101F00F1F8D1 /* IQKeyboardManagerSwift */ = {
			isa = XCSwiftPackageProductDependency;
			package = 12E0A3722B01101F00F1F8D1 /* XCRemoteSwiftPackageReference "IQKeyboardManager" */;
			productName = IQKeyboardManagerSwift;
		};
/* End XCSwiftPackageProductDependency section */
	};
	rootObject = 1255D7FA2ADAC7BD00FB6638 /* Project object */;
}
